// !$*UTF8*$!
{
	archiveVersion = 1;
	classes = {
	};
	objectVersion = 56;
	objects = {

/* Begin PBXBuildFile section */
		0E5E161D2A71FF7600143374 /* GuestListView.swift in Sources */ = {isa = PBXBuildFile; fileRef = 0E5E161C2A71FF7600143374 /* GuestListView.swift */; };
		0E5E161F2A725F7000143374 /* GuestListCellView.swift in Sources */ = {isa = PBXBuildFile; fileRef = 0E5E161E2A725F7000143374 /* GuestListCellView.swift */; };
		0E81B9352A774B90004AB171 /* Lottie in Frameworks */ = {isa = PBXBuildFile; productRef = 0E81B9342A774B90004AB171 /* Lottie */; };
		0E81B9372A774C7B004AB171 /* LottieView.swift in Sources */ = {isa = PBXBuildFile; fileRef = 0E81B9362A774C7B004AB171 /* LottieView.swift */; };
		0E81B9392A774CB0004AB171 /* HomeView.json in Resources */ = {isa = PBXBuildFile; fileRef = 0E81B9382A774CB0004AB171 /* HomeView.json */; };
		0E81B93F2A778162004AB171 /* WaitingForConfirmView.swift in Sources */ = {isa = PBXBuildFile; fileRef = 0E81B93E2A778162004AB171 /* WaitingForConfirmView.swift */; };
		0E81B9412A7782C2004AB171 /* CheckTimeDoneView.swift in Sources */ = {isa = PBXBuildFile; fileRef = 0E81B9402A7782C2004AB171 /* CheckTimeDoneView.swift */; };
		0E81B9432A7786DF004AB171 /* GuestWaitingForConfirmView.swift in Sources */ = {isa = PBXBuildFile; fileRef = 0E81B9422A7786DF004AB171 /* GuestWaitingForConfirmView.swift */; };
		0E81B9452A77A7FB004AB171 /* CustomAlert.swift in Sources */ = {isa = PBXBuildFile; fileRef = 0E81B9442A77A7FB004AB171 /* CustomAlert.swift */; };
		0E81B9492A77C004004AB171 /* OnboardingDoneView.swift in Sources */ = {isa = PBXBuildFile; fileRef = 0E81B9482A77C004004AB171 /* OnboardingDoneView.swift */; };
		0E81B96B2A78F64D004AB171 /* ResultView.swift in Sources */ = {isa = PBXBuildFile; fileRef = 0E81B96A2A78F64D004AB171 /* ResultView.swift */; };
		0EEFB6542A64D87100F5C5D2 /* MakingGroupView.swift in Sources */ = {isa = PBXBuildFile; fileRef = 0EEFB6532A64D87100F5C5D2 /* MakingGroupView.swift */; };
		0EEFB6572A64D89900F5C5D2 /* CalendarView.swift in Sources */ = {isa = PBXBuildFile; fileRef = 0EEFB6562A64D89900F5C5D2 /* CalendarView.swift */; };
		0EEFB6592A64D8C300F5C5D2 /* Date+.swift in Sources */ = {isa = PBXBuildFile; fileRef = 0EEFB6582A64D8C300F5C5D2 /* Date+.swift */; };
		0EEFB6712A6EC60B00F5C5D2 /* HostCallingView.swift in Sources */ = {isa = PBXBuildFile; fileRef = 0EEFB6702A6EC60B00F5C5D2 /* HostCallingView.swift */; };
		0EEFB6732A6EC65200F5C5D2 /* ConnectionService.swift in Sources */ = {isa = PBXBuildFile; fileRef = 0EEFB6722A6EC65200F5C5D2 /* ConnectionService.swift */; };
		0EEFB6762A6ED9CD00F5C5D2 /* MessageWrapper.swift in Sources */ = {isa = PBXBuildFile; fileRef = 0EEFB6752A6ED9CD00F5C5D2 /* MessageWrapper.swift */; };
		0EEFB6782A6EE1B300F5C5D2 /* GroupInfo.swift in Sources */ = {isa = PBXBuildFile; fileRef = 0EEFB6772A6EE1B300F5C5D2 /* GroupInfo.swift */; };
		0EEFB67A2A6EF8D200F5C5D2 /* ScheduleDone.swift in Sources */ = {isa = PBXBuildFile; fileRef = 0EEFB6792A6EF8D200F5C5D2 /* ScheduleDone.swift */; };
		1012D6632A755D3B0033BD72 /* UserInfoRepository.swift in Sources */ = {isa = PBXBuildFile; fileRef = 1012D6622A755D3B0033BD72 /* UserInfoRepository.swift */; };
		104555852A66402C00562B98 /* CalendarService.swift in Sources */ = {isa = PBXBuildFile; fileRef = 104555842A66402C00562B98 /* CalendarService.swift */; };
		104555872A66404700562B98 /* TimeTableService.swift in Sources */ = {isa = PBXBuildFile; fileRef = 104555862A66404700562B98 /* TimeTableService.swift */; };
		1045558A2A66409B00562B98 /* TimeTable.swift in Sources */ = {isa = PBXBuildFile; fileRef = 104555892A66409B00562B98 /* TimeTable.swift */; };
		1045558C2A6645F400562B98 /* TimeTableViewModel.swift in Sources */ = {isa = PBXBuildFile; fileRef = 1045558B2A6645F400562B98 /* TimeTableViewModel.swift */; };
		1092DD712A60DE2200D4F6D3 /* LocalCalendarRepository.swift in Sources */ = {isa = PBXBuildFile; fileRef = 1092DD6F2A60DE2200D4F6D3 /* LocalCalendarRepository.swift */; };
		1092DD722A60DE2200D4F6D3 /* RemoteCalendarRepository.swift in Sources */ = {isa = PBXBuildFile; fileRef = 1092DD702A60DE2200D4F6D3 /* RemoteCalendarRepository.swift */; };
		1092DD752A60DE4D00D4F6D3 /* Event.swift in Sources */ = {isa = PBXBuildFile; fileRef = 1092DD732A60DE4D00D4F6D3 /* Event.swift */; };
		1092DD762A60DE4D00D4F6D3 /* LocalEvent.swift in Sources */ = {isa = PBXBuildFile; fileRef = 1092DD742A60DE4D00D4F6D3 /* LocalEvent.swift */; };
		1092DD782A60DE8100D4F6D3 /* WeekDay.swift in Sources */ = {isa = PBXBuildFile; fileRef = 1092DD772A60DE8100D4F6D3 /* WeekDay.swift */; };
		1092DD7A2A60E39800D4F6D3 /* DateUtil.swift in Sources */ = {isa = PBXBuildFile; fileRef = 1092DD792A60E39800D4F6D3 /* DateUtil.swift */; };
		73130BFE2A6A3C7800554A36 /* ConfirmView.swift in Sources */ = {isa = PBXBuildFile; fileRef = 73130BFD2A6A3C7800554A36 /* ConfirmView.swift */; };
		73130C002A6A58A500554A36 /* ConfirmDateModalView.swift in Sources */ = {isa = PBXBuildFile; fileRef = 73130BFF2A6A58A500554A36 /* ConfirmDateModalView.swift */; };
		73130C022A6A8E2700554A36 /* ConfirmStartModalView.swift in Sources */ = {isa = PBXBuildFile; fileRef = 73130C012A6A8E2700554A36 /* ConfirmStartModalView.swift */; };
		73130C042A6A97EA00554A36 /* ConfirmMemberModalView.swift in Sources */ = {isa = PBXBuildFile; fileRef = 73130C032A6A97EA00554A36 /* ConfirmMemberModalView.swift */; };
		7369F97D2A64CB470050EB8F /* ListUpView.swift in Sources */ = {isa = PBXBuildFile; fileRef = 7369F97C2A64CB470050EB8F /* ListUpView.swift */; };
		7382E9432A7211A400837AB2 /* FixedTimeViewModel.swift in Sources */ = {isa = PBXBuildFile; fileRef = 7382E9422A7211A400837AB2 /* FixedTimeViewModel.swift */; };
		7382E9492A72155800837AB2 /* FixedTimeElementView.swift in Sources */ = {isa = PBXBuildFile; fileRef = 7382E9482A72155800837AB2 /* FixedTimeElementView.swift */; };
		739FBB692A613BCF0022386D /* CalcOksService.swift in Sources */ = {isa = PBXBuildFile; fileRef = 739FBB682A613BCF0022386D /* CalcOksService.swift */; };
		739FBB6B2A613C050022386D /* DateEvent.swift in Sources */ = {isa = PBXBuildFile; fileRef = 739FBB6A2A613C050022386D /* DateEvent.swift */; };
		739FBB6D2A613C150022386D /* BoundedDate.swift in Sources */ = {isa = PBXBuildFile; fileRef = 739FBB6C2A613C150022386D /* BoundedDate.swift */; };
		739FBB6F2A613C240022386D /* TimeOks.swift in Sources */ = {isa = PBXBuildFile; fileRef = 739FBB6E2A613C240022386D /* TimeOks.swift */; };
		739FBB712A613C3F0022386D /* DateMember.swift in Sources */ = {isa = PBXBuildFile; fileRef = 739FBB702A613C3F0022386D /* DateMember.swift */; };
		739FBB772A613D100022386D /* CalcOksServiceTest.swift in Sources */ = {isa = PBXBuildFile; fileRef = 739FBB762A613D100022386D /* CalcOksServiceTest.swift */; };
		73C746032A80710600D4ED7C /* RectangleView.swift in Sources */ = {isa = PBXBuildFile; fileRef = 73C746022A80710600D4ED7C /* RectangleView.swift */; };
		73CD8FAB2A64DC99003A274D /* ListUpElementView.swift in Sources */ = {isa = PBXBuildFile; fileRef = 73CD8FAA2A64DC99003A274D /* ListUpElementView.swift */; };
		73CD8FAF2A6593E8003A274D /* ListUpElementDetailView.swift in Sources */ = {isa = PBXBuildFile; fileRef = 73CD8FAE2A6593E8003A274D /* ListUpElementDetailView.swift */; };
		73FA05202A5E301A00EB176B /* SeaYaApp.swift in Sources */ = {isa = PBXBuildFile; fileRef = 73FA051F2A5E301A00EB176B /* SeaYaApp.swift */; };
		73FA05242A5E301C00EB176B /* Assets.xcassets in Resources */ = {isa = PBXBuildFile; fileRef = 73FA05232A5E301C00EB176B /* Assets.xcassets */; };
		73FA05272A5E301C00EB176B /* Preview Assets.xcassets in Resources */ = {isa = PBXBuildFile; fileRef = 73FA05262A5E301C00EB176B /* Preview Assets.xcassets */; };
		73FA05312A5E301C00EB176B /* SeaYaTests.swift in Sources */ = {isa = PBXBuildFile; fileRef = 73FA05302A5E301C00EB176B /* SeaYaTests.swift */; };
		73FA053B2A5E301C00EB176B /* SeaYaUITests.swift in Sources */ = {isa = PBXBuildFile; fileRef = 73FA053A2A5E301C00EB176B /* SeaYaUITests.swift */; };
		73FA053D2A5E301C00EB176B /* SeaYaUITestsLaunchTests.swift in Sources */ = {isa = PBXBuildFile; fileRef = 73FA053C2A5E301C00EB176B /* SeaYaUITestsLaunchTests.swift */; };
		ACB3AEE62A79F2E300BEB90D /* rank.json in Resources */ = {isa = PBXBuildFile; fileRef = ACB3AEE52A79F2E300BEB90D /* rank.json */; };
		ACB3AEE82A79F2FB00BEB90D /* pencil.json in Resources */ = {isa = PBXBuildFile; fileRef = ACB3AEE72A79F2FB00BEB90D /* pencil.json */; };
		BBBBC75F2A5E3B5200F39E2B /* ContentView.swift in Sources */ = {isa = PBXBuildFile; fileRef = BBBBC75E2A5E3B5200F39E2B /* ContentView.swift */; };
		BBBBC7632A5E3BCE00F39E2B /* FixedTimeView.swift in Sources */ = {isa = PBXBuildFile; fileRef = BBBBC7622A5E3BCE00F39E2B /* FixedTimeView.swift */; };
		BBBBC7652A5E3BE900F39E2B /* LaunchScreenView.swift in Sources */ = {isa = PBXBuildFile; fileRef = BBBBC7642A5E3BE900F39E2B /* LaunchScreenView.swift */; };
		BBBBC7672A5E3BFC00F39E2B /* MainView.swift in Sources */ = {isa = PBXBuildFile; fileRef = BBBBC7662A5E3BFC00F39E2B /* MainView.swift */; };
		BBBBC7692A5E3C1900F39E2B /* NickNameView.swift in Sources */ = {isa = PBXBuildFile; fileRef = BBBBC7682A5E3C1900F39E2B /* NickNameView.swift */; };
		BBBBC76B2A5E3C2D00F39E2B /* OnboardingView.swift in Sources */ = {isa = PBXBuildFile; fileRef = BBBBC76A2A5E3C2D00F39E2B /* OnboardingView.swift */; };
		BBBBC76D2A5E3C4200F39E2B /* UserData.swift in Sources */ = {isa = PBXBuildFile; fileRef = BBBBC76C2A5E3C4200F39E2B /* UserData.swift */; };
		BBBBC77B2A60E05F00F39E2B /* Typography.swift in Sources */ = {isa = PBXBuildFile; fileRef = BBBBC77A2A60E05F00F39E2B /* Typography.swift */; };
		BBBBC7812A60F1CD00F39E2B /* Color.swift in Sources */ = {isa = PBXBuildFile; fileRef = BBBBC7802A60F1CD00F39E2B /* Color.swift */; };
		BBBBC7832A65235B00F39E2B /* HostCallingDone.swift in Sources */ = {isa = PBXBuildFile; fileRef = BBBBC7822A65235B00F39E2B /* HostCallingDone.swift */; };
		BBBBC7852A676F9F00F39E2B /* CardBackgroundView.swift in Sources */ = {isa = PBXBuildFile; fileRef = BBBBC7842A676F9F00F39E2B /* CardBackgroundView.swift */; };
		BBBBC7872A67740F00F39E2B /* ButtonTheme.swift in Sources */ = {isa = PBXBuildFile; fileRef = BBBBC7862A67740F00F39E2B /* ButtonTheme.swift */; };
		BBDD70692A6802B400977775 /* GuestCallingDone.swift in Sources */ = {isa = PBXBuildFile; fileRef = BBDD70682A6802B400977775 /* GuestCallingDone.swift */; };
		BBDD706B2A68031C00977775 /* ResultCardView.swift in Sources */ = {isa = PBXBuildFile; fileRef = BBDD706A2A68031C00977775 /* ResultCardView.swift */; };
		BBDD706F2A69453100977775 /* TextFieldTheme.swift in Sources */ = {isa = PBXBuildFile; fileRef = BBDD706E2A69453100977775 /* TextFieldTheme.swift */; };
		BBDD707D2A735A6300977775 /* UserInfoView.swift in Sources */ = {isa = PBXBuildFile; fileRef = BBDD707C2A735A6300977775 /* UserInfoView.swift */; };
		BBDD70832A789D9E00977775 /* NicknameEditView.swift in Sources */ = {isa = PBXBuildFile; fileRef = BBDD70822A789D9E00977775 /* NicknameEditView.swift */; };
		EE14DBC12A64CF22004ECD86 /* SettingView.swift in Sources */ = {isa = PBXBuildFile; fileRef = EE14DBC02A64CF22004ECD86 /* SettingView.swift */; };
		EE14DBC32A64CFE6004ECD86 /* HapticsManager.swift in Sources */ = {isa = PBXBuildFile; fileRef = EE14DBC22A64CFE6004ECD86 /* HapticsManager.swift */; };
/* End PBXBuildFile section */

/* Begin PBXContainerItemProxy section */
		73FA052D2A5E301C00EB176B /* PBXContainerItemProxy */ = {
			isa = PBXContainerItemProxy;
			containerPortal = 73FA05142A5E301A00EB176B /* Project object */;
			proxyType = 1;
			remoteGlobalIDString = 73FA051B2A5E301A00EB176B;
			remoteInfo = SeaYa;
		};
		73FA05372A5E301C00EB176B /* PBXContainerItemProxy */ = {
			isa = PBXContainerItemProxy;
			containerPortal = 73FA05142A5E301A00EB176B /* Project object */;
			proxyType = 1;
			remoteGlobalIDString = 73FA051B2A5E301A00EB176B;
			remoteInfo = SeaYa;
		};
/* End PBXContainerItemProxy section */

/* Begin PBXFileReference section */
		0E5E161C2A71FF7600143374 /* GuestListView.swift */ = {isa = PBXFileReference; lastKnownFileType = sourcecode.swift; path = GuestListView.swift; sourceTree = "<group>"; };
		0E5E161E2A725F7000143374 /* GuestListCellView.swift */ = {isa = PBXFileReference; lastKnownFileType = sourcecode.swift; path = GuestListCellView.swift; sourceTree = "<group>"; };
		0E81B9362A774C7B004AB171 /* LottieView.swift */ = {isa = PBXFileReference; lastKnownFileType = sourcecode.swift; path = LottieView.swift; sourceTree = "<group>"; };
		0E81B9382A774CB0004AB171 /* HomeView.json */ = {isa = PBXFileReference; fileEncoding = 4; lastKnownFileType = text.json; path = HomeView.json; sourceTree = "<group>"; };
		0E81B93E2A778162004AB171 /* WaitingForConfirmView.swift */ = {isa = PBXFileReference; lastKnownFileType = sourcecode.swift; path = WaitingForConfirmView.swift; sourceTree = "<group>"; };
		0E81B9402A7782C2004AB171 /* CheckTimeDoneView.swift */ = {isa = PBXFileReference; lastKnownFileType = sourcecode.swift; path = CheckTimeDoneView.swift; sourceTree = "<group>"; };
		0E81B9422A7786DF004AB171 /* GuestWaitingForConfirmView.swift */ = {isa = PBXFileReference; lastKnownFileType = sourcecode.swift; path = GuestWaitingForConfirmView.swift; sourceTree = "<group>"; };
		0E81B9442A77A7FB004AB171 /* CustomAlert.swift */ = {isa = PBXFileReference; lastKnownFileType = sourcecode.swift; path = CustomAlert.swift; sourceTree = "<group>"; };
		0E81B9482A77C004004AB171 /* OnboardingDoneView.swift */ = {isa = PBXFileReference; lastKnownFileType = sourcecode.swift; path = OnboardingDoneView.swift; sourceTree = "<group>"; };
		0E81B96A2A78F64D004AB171 /* ResultView.swift */ = {isa = PBXFileReference; lastKnownFileType = sourcecode.swift; path = ResultView.swift; sourceTree = "<group>"; };
		0EEFB6532A64D87100F5C5D2 /* MakingGroupView.swift */ = {isa = PBXFileReference; lastKnownFileType = sourcecode.swift; path = MakingGroupView.swift; sourceTree = "<group>"; };
		0EEFB6562A64D89900F5C5D2 /* CalendarView.swift */ = {isa = PBXFileReference; lastKnownFileType = sourcecode.swift; path = CalendarView.swift; sourceTree = "<group>"; };
		0EEFB6582A64D8C300F5C5D2 /* Date+.swift */ = {isa = PBXFileReference; lastKnownFileType = sourcecode.swift; path = "Date+.swift"; sourceTree = "<group>"; };
		0EEFB6702A6EC60B00F5C5D2 /* HostCallingView.swift */ = {isa = PBXFileReference; lastKnownFileType = sourcecode.swift; path = HostCallingView.swift; sourceTree = "<group>"; };
		0EEFB6722A6EC65200F5C5D2 /* ConnectionService.swift */ = {isa = PBXFileReference; lastKnownFileType = sourcecode.swift; path = ConnectionService.swift; sourceTree = "<group>"; };
		0EEFB6742A6EC74D00F5C5D2 /* Info.plist */ = {isa = PBXFileReference; lastKnownFileType = text.plist.xml; path = Info.plist; sourceTree = "<group>"; };
		0EEFB6752A6ED9CD00F5C5D2 /* MessageWrapper.swift */ = {isa = PBXFileReference; lastKnownFileType = sourcecode.swift; path = MessageWrapper.swift; sourceTree = "<group>"; };
		0EEFB6772A6EE1B300F5C5D2 /* GroupInfo.swift */ = {isa = PBXFileReference; lastKnownFileType = sourcecode.swift; path = GroupInfo.swift; sourceTree = "<group>"; };
		0EEFB6792A6EF8D200F5C5D2 /* ScheduleDone.swift */ = {isa = PBXFileReference; lastKnownFileType = sourcecode.swift; path = ScheduleDone.swift; sourceTree = "<group>"; };
		1012D6622A755D3B0033BD72 /* UserInfoRepository.swift */ = {isa = PBXFileReference; lastKnownFileType = sourcecode.swift; path = UserInfoRepository.swift; sourceTree = "<group>"; };
		104555842A66402C00562B98 /* CalendarService.swift */ = {isa = PBXFileReference; lastKnownFileType = sourcecode.swift; path = CalendarService.swift; sourceTree = "<group>"; };
		104555862A66404700562B98 /* TimeTableService.swift */ = {isa = PBXFileReference; lastKnownFileType = sourcecode.swift; path = TimeTableService.swift; sourceTree = "<group>"; };
		104555892A66409B00562B98 /* TimeTable.swift */ = {isa = PBXFileReference; lastKnownFileType = sourcecode.swift; path = TimeTable.swift; sourceTree = "<group>"; };
		1045558B2A6645F400562B98 /* TimeTableViewModel.swift */ = {isa = PBXFileReference; lastKnownFileType = sourcecode.swift; path = TimeTableViewModel.swift; sourceTree = "<group>"; };
		1092DD6F2A60DE2200D4F6D3 /* LocalCalendarRepository.swift */ = {isa = PBXFileReference; fileEncoding = 4; lastKnownFileType = sourcecode.swift; path = LocalCalendarRepository.swift; sourceTree = "<group>"; };
		1092DD702A60DE2200D4F6D3 /* RemoteCalendarRepository.swift */ = {isa = PBXFileReference; fileEncoding = 4; lastKnownFileType = sourcecode.swift; path = RemoteCalendarRepository.swift; sourceTree = "<group>"; };
		1092DD732A60DE4D00D4F6D3 /* Event.swift */ = {isa = PBXFileReference; fileEncoding = 4; lastKnownFileType = sourcecode.swift; path = Event.swift; sourceTree = "<group>"; };
		1092DD742A60DE4D00D4F6D3 /* LocalEvent.swift */ = {isa = PBXFileReference; fileEncoding = 4; lastKnownFileType = sourcecode.swift; path = LocalEvent.swift; sourceTree = "<group>"; };
		1092DD772A60DE8100D4F6D3 /* WeekDay.swift */ = {isa = PBXFileReference; fileEncoding = 4; lastKnownFileType = sourcecode.swift; path = WeekDay.swift; sourceTree = "<group>"; };
		1092DD792A60E39800D4F6D3 /* DateUtil.swift */ = {isa = PBXFileReference; fileEncoding = 4; lastKnownFileType = sourcecode.swift; path = DateUtil.swift; sourceTree = "<group>"; };
		73130BFD2A6A3C7800554A36 /* ConfirmView.swift */ = {isa = PBXFileReference; lastKnownFileType = sourcecode.swift; path = ConfirmView.swift; sourceTree = "<group>"; };
		73130BFF2A6A58A500554A36 /* ConfirmDateModalView.swift */ = {isa = PBXFileReference; lastKnownFileType = sourcecode.swift; path = ConfirmDateModalView.swift; sourceTree = "<group>"; };
		73130C012A6A8E2700554A36 /* ConfirmStartModalView.swift */ = {isa = PBXFileReference; lastKnownFileType = sourcecode.swift; path = ConfirmStartModalView.swift; sourceTree = "<group>"; };
		73130C032A6A97EA00554A36 /* ConfirmMemberModalView.swift */ = {isa = PBXFileReference; lastKnownFileType = sourcecode.swift; path = ConfirmMemberModalView.swift; sourceTree = "<group>"; };
		7369F97C2A64CB470050EB8F /* ListUpView.swift */ = {isa = PBXFileReference; lastKnownFileType = sourcecode.swift; path = ListUpView.swift; sourceTree = "<group>"; };
		7382E9422A7211A400837AB2 /* FixedTimeViewModel.swift */ = {isa = PBXFileReference; lastKnownFileType = sourcecode.swift; path = FixedTimeViewModel.swift; sourceTree = "<group>"; };
		7382E9482A72155800837AB2 /* FixedTimeElementView.swift */ = {isa = PBXFileReference; lastKnownFileType = sourcecode.swift; path = FixedTimeElementView.swift; sourceTree = "<group>"; };
		739FBB682A613BCF0022386D /* CalcOksService.swift */ = {isa = PBXFileReference; lastKnownFileType = sourcecode.swift; path = CalcOksService.swift; sourceTree = "<group>"; };
		739FBB6A2A613C050022386D /* DateEvent.swift */ = {isa = PBXFileReference; lastKnownFileType = sourcecode.swift; path = DateEvent.swift; sourceTree = "<group>"; };
		739FBB6C2A613C150022386D /* BoundedDate.swift */ = {isa = PBXFileReference; lastKnownFileType = sourcecode.swift; path = BoundedDate.swift; sourceTree = "<group>"; };
		739FBB6E2A613C240022386D /* TimeOks.swift */ = {isa = PBXFileReference; lastKnownFileType = sourcecode.swift; path = TimeOks.swift; sourceTree = "<group>"; };
		739FBB702A613C3F0022386D /* DateMember.swift */ = {isa = PBXFileReference; lastKnownFileType = sourcecode.swift; path = DateMember.swift; sourceTree = "<group>"; };
		739FBB762A613D100022386D /* CalcOksServiceTest.swift */ = {isa = PBXFileReference; lastKnownFileType = sourcecode.swift; path = CalcOksServiceTest.swift; sourceTree = "<group>"; };
		73C746022A80710600D4ED7C /* RectangleView.swift */ = {isa = PBXFileReference; lastKnownFileType = sourcecode.swift; path = RectangleView.swift; sourceTree = "<group>"; };
		73CD8FAA2A64DC99003A274D /* ListUpElementView.swift */ = {isa = PBXFileReference; lastKnownFileType = sourcecode.swift; path = ListUpElementView.swift; sourceTree = "<group>"; };
		73CD8FAE2A6593E8003A274D /* ListUpElementDetailView.swift */ = {isa = PBXFileReference; lastKnownFileType = sourcecode.swift; path = ListUpElementDetailView.swift; sourceTree = "<group>"; };
		73FA051C2A5E301A00EB176B /* SeaYa.app */ = {isa = PBXFileReference; explicitFileType = wrapper.application; includeInIndex = 0; path = SeaYa.app; sourceTree = BUILT_PRODUCTS_DIR; };
		73FA051F2A5E301A00EB176B /* SeaYaApp.swift */ = {isa = PBXFileReference; lastKnownFileType = sourcecode.swift; path = SeaYaApp.swift; sourceTree = "<group>"; };
		73FA05232A5E301C00EB176B /* Assets.xcassets */ = {isa = PBXFileReference; lastKnownFileType = folder.assetcatalog; path = Assets.xcassets; sourceTree = "<group>"; };
		73FA05262A5E301C00EB176B /* Preview Assets.xcassets */ = {isa = PBXFileReference; lastKnownFileType = folder.assetcatalog; path = "Preview Assets.xcassets"; sourceTree = "<group>"; };
		73FA052C2A5E301C00EB176B /* SeaYaTests.xctest */ = {isa = PBXFileReference; explicitFileType = wrapper.cfbundle; includeInIndex = 0; path = SeaYaTests.xctest; sourceTree = BUILT_PRODUCTS_DIR; };
		73FA05302A5E301C00EB176B /* SeaYaTests.swift */ = {isa = PBXFileReference; lastKnownFileType = sourcecode.swift; path = SeaYaTests.swift; sourceTree = "<group>"; };
		73FA05362A5E301C00EB176B /* SeaYaUITests.xctest */ = {isa = PBXFileReference; explicitFileType = wrapper.cfbundle; includeInIndex = 0; path = SeaYaUITests.xctest; sourceTree = BUILT_PRODUCTS_DIR; };
		73FA053A2A5E301C00EB176B /* SeaYaUITests.swift */ = {isa = PBXFileReference; lastKnownFileType = sourcecode.swift; path = SeaYaUITests.swift; sourceTree = "<group>"; };
		73FA053C2A5E301C00EB176B /* SeaYaUITestsLaunchTests.swift */ = {isa = PBXFileReference; lastKnownFileType = sourcecode.swift; path = SeaYaUITestsLaunchTests.swift; sourceTree = "<group>"; };
		ACB3AEE52A79F2E300BEB90D /* rank.json */ = {isa = PBXFileReference; fileEncoding = 4; lastKnownFileType = text.json; path = rank.json; sourceTree = "<group>"; };
		ACB3AEE72A79F2FB00BEB90D /* pencil.json */ = {isa = PBXFileReference; fileEncoding = 4; lastKnownFileType = text.json; path = pencil.json; sourceTree = "<group>"; };
		BBBBC75E2A5E3B5200F39E2B /* ContentView.swift */ = {isa = PBXFileReference; lastKnownFileType = sourcecode.swift; path = ContentView.swift; sourceTree = "<group>"; };
		BBBBC7622A5E3BCE00F39E2B /* FixedTimeView.swift */ = {isa = PBXFileReference; lastKnownFileType = sourcecode.swift; path = FixedTimeView.swift; sourceTree = "<group>"; };
		BBBBC7642A5E3BE900F39E2B /* LaunchScreenView.swift */ = {isa = PBXFileReference; lastKnownFileType = sourcecode.swift; path = LaunchScreenView.swift; sourceTree = "<group>"; };
		BBBBC7662A5E3BFC00F39E2B /* MainView.swift */ = {isa = PBXFileReference; lastKnownFileType = sourcecode.swift; path = MainView.swift; sourceTree = "<group>"; };
		BBBBC7682A5E3C1900F39E2B /* NickNameView.swift */ = {isa = PBXFileReference; lastKnownFileType = sourcecode.swift; path = NickNameView.swift; sourceTree = "<group>"; };
		BBBBC76A2A5E3C2D00F39E2B /* OnboardingView.swift */ = {isa = PBXFileReference; lastKnownFileType = sourcecode.swift; path = OnboardingView.swift; sourceTree = "<group>"; };
		BBBBC76C2A5E3C4200F39E2B /* UserData.swift */ = {isa = PBXFileReference; lastKnownFileType = sourcecode.swift; path = UserData.swift; sourceTree = "<group>"; };
		BBBBC77A2A60E05F00F39E2B /* Typography.swift */ = {isa = PBXFileReference; lastKnownFileType = sourcecode.swift; path = Typography.swift; sourceTree = "<group>"; };
		BBBBC7802A60F1CD00F39E2B /* Color.swift */ = {isa = PBXFileReference; lastKnownFileType = sourcecode.swift; path = Color.swift; sourceTree = "<group>"; };
		BBBBC7822A65235B00F39E2B /* HostCallingDone.swift */ = {isa = PBXFileReference; lastKnownFileType = sourcecode.swift; path = HostCallingDone.swift; sourceTree = "<group>"; };
		BBBBC7842A676F9F00F39E2B /* CardBackgroundView.swift */ = {isa = PBXFileReference; lastKnownFileType = sourcecode.swift; path = CardBackgroundView.swift; sourceTree = "<group>"; };
		BBBBC7862A67740F00F39E2B /* ButtonTheme.swift */ = {isa = PBXFileReference; lastKnownFileType = sourcecode.swift; path = ButtonTheme.swift; sourceTree = "<group>"; };
		BBDD70682A6802B400977775 /* GuestCallingDone.swift */ = {isa = PBXFileReference; lastKnownFileType = sourcecode.swift; path = GuestCallingDone.swift; sourceTree = "<group>"; };
		BBDD706A2A68031C00977775 /* ResultCardView.swift */ = {isa = PBXFileReference; lastKnownFileType = sourcecode.swift; path = ResultCardView.swift; sourceTree = "<group>"; };
		BBDD706E2A69453100977775 /* TextFieldTheme.swift */ = {isa = PBXFileReference; lastKnownFileType = sourcecode.swift; path = TextFieldTheme.swift; sourceTree = "<group>"; };
		BBDD707C2A735A6300977775 /* UserInfoView.swift */ = {isa = PBXFileReference; lastKnownFileType = sourcecode.swift; path = UserInfoView.swift; sourceTree = "<group>"; };
		BBDD70822A789D9E00977775 /* NicknameEditView.swift */ = {isa = PBXFileReference; lastKnownFileType = sourcecode.swift; path = NicknameEditView.swift; sourceTree = "<group>"; };
		EE14DBC02A64CF22004ECD86 /* SettingView.swift */ = {isa = PBXFileReference; lastKnownFileType = sourcecode.swift; path = SettingView.swift; sourceTree = "<group>"; };
		EE14DBC22A64CFE6004ECD86 /* HapticsManager.swift */ = {isa = PBXFileReference; lastKnownFileType = sourcecode.swift; path = HapticsManager.swift; sourceTree = "<group>"; };
/* End PBXFileReference section */

/* Begin PBXFrameworksBuildPhase section */
		73FA05192A5E301A00EB176B /* Frameworks */ = {
			isa = PBXFrameworksBuildPhase;
			buildActionMask = 2147483647;
			files = (
				0E81B9352A774B90004AB171 /* Lottie in Frameworks */,
			);
			runOnlyForDeploymentPostprocessing = 0;
		};
		73FA05292A5E301C00EB176B /* Frameworks */ = {
			isa = PBXFrameworksBuildPhase;
			buildActionMask = 2147483647;
			files = (
			);
			runOnlyForDeploymentPostprocessing = 0;
		};
		73FA05332A5E301C00EB176B /* Frameworks */ = {
			isa = PBXFrameworksBuildPhase;
			buildActionMask = 2147483647;
			files = (
			);
			runOnlyForDeploymentPostprocessing = 0;
		};
/* End PBXFrameworksBuildPhase section */

/* Begin PBXGroup section */
		0E5E16202A725F8A00143374 /* GuestList */ = {
			isa = PBXGroup;
			children = (
				0E5E161C2A71FF7600143374 /* GuestListView.swift */,
				0E5E161E2A725F7000143374 /* GuestListCellView.swift */,
			);
			name = GuestList;
			sourceTree = "<group>";
		};
		0EEFB6512A64D85900F5C5D2 /* Host */ = {
			isa = PBXGroup;
			children = (
				0EEFB6702A6EC60B00F5C5D2 /* HostCallingView.swift */,
				0EEFB6522A64D85F00F5C5D2 /* Group */,
				0E5E16202A725F8A00143374 /* GuestList */,
			);
			path = Host;
			sourceTree = "<group>";
		};
		0EEFB6522A64D85F00F5C5D2 /* Group */ = {
			isa = PBXGroup;
			children = (
				0EEFB6532A64D87100F5C5D2 /* MakingGroupView.swift */,
				0EEFB6562A64D89900F5C5D2 /* CalendarView.swift */,
			);
			name = Group;
			sourceTree = "<group>";
		};
		104555882A66408900562B98 /* TimeTableView */ = {
			isa = PBXGroup;
			children = (
				104555892A66409B00562B98 /* TimeTable.swift */,
				73C746022A80710600D4ED7C /* RectangleView.swift */,
			);
			path = TimeTableView;
			sourceTree = "<group>";
		};
		1092DD6E2A60DE0300D4F6D3 /* Repository */ = {
			isa = PBXGroup;
			children = (
				1092DD6F2A60DE2200D4F6D3 /* LocalCalendarRepository.swift */,
				1092DD702A60DE2200D4F6D3 /* RemoteCalendarRepository.swift */,
				1012D6622A755D3B0033BD72 /* UserInfoRepository.swift */,
			);
			path = Repository;
			sourceTree = "<group>";
		};
		739FBB752A613CF30022386D /* Service */ = {
			isa = PBXGroup;
			children = (
				739FBB762A613D100022386D /* CalcOksServiceTest.swift */,
			);
			path = Service;
			sourceTree = "<group>";
		};
		73AA046E2A6ABE1F003FA06F /* ConfirmView */ = {
			isa = PBXGroup;
			children = (
				73130BFD2A6A3C7800554A36 /* ConfirmView.swift */,
				73130C032A6A97EA00554A36 /* ConfirmMemberModalView.swift */,
				73130C012A6A8E2700554A36 /* ConfirmStartModalView.swift */,
				73130BFF2A6A58A500554A36 /* ConfirmDateModalView.swift */,
			);
			path = ConfirmView;
			sourceTree = "<group>";
		};
		73CD8FE82A65A935003A274D /* ListUpView */ = {
			isa = PBXGroup;
			children = (
				7369F97C2A64CB470050EB8F /* ListUpView.swift */,
				73CD8FAA2A64DC99003A274D /* ListUpElementView.swift */,
				73CD8FAE2A6593E8003A274D /* ListUpElementDetailView.swift */,
			);
			path = ListUpView;
			sourceTree = "<group>";
		};
		73FA05132A5E301A00EB176B = {
			isa = PBXGroup;
			children = (
				73FA051E2A5E301A00EB176B /* SeaYa */,
				73FA052F2A5E301C00EB176B /* SeaYaTests */,
				73FA05392A5E301C00EB176B /* SeaYaUITests */,
				73FA051D2A5E301A00EB176B /* Products */,
				BBDD706D2A6944ED00977775 /* Recovered References */,
			);
			sourceTree = "<group>";
		};
		73FA051D2A5E301A00EB176B /* Products */ = {
			isa = PBXGroup;
			children = (
				73FA051C2A5E301A00EB176B /* SeaYa.app */,
				73FA052C2A5E301C00EB176B /* SeaYaTests.xctest */,
				73FA05362A5E301C00EB176B /* SeaYaUITests.xctest */,
			);
			name = Products;
			sourceTree = "<group>";
		};
		73FA051E2A5E301A00EB176B /* SeaYa */ = {
			isa = PBXGroup;
			children = (
				0EEFB6742A6EC74D00F5C5D2 /* Info.plist */,
				1092DD6E2A60DE0300D4F6D3 /* Repository */,
				BBBBC7332A5E329200F39E2B /* Service */,
				BBBBC7322A5E326400F39E2B /* DesignSystem */,
				BBBBC7312A5E325E00F39E2B /* Utils */,
				BBBBC7302A5E325700F39E2B /* ViewModel */,
				BBBBC72F2A5E324800F39E2B /* Model */,
				BBBBC72E2A5E322500F39E2B /* View */,
				73FA051F2A5E301A00EB176B /* SeaYaApp.swift */,
				73FA05232A5E301C00EB176B /* Assets.xcassets */,
				73FA05252A5E301C00EB176B /* Preview Content */,
			);
			path = SeaYa;
			sourceTree = "<group>";
		};
		73FA05252A5E301C00EB176B /* Preview Content */ = {
			isa = PBXGroup;
			children = (
				73FA05262A5E301C00EB176B /* Preview Assets.xcassets */,
			);
			path = "Preview Content";
			sourceTree = "<group>";
		};
		73FA052F2A5E301C00EB176B /* SeaYaTests */ = {
			isa = PBXGroup;
			children = (
				739FBB752A613CF30022386D /* Service */,
				73FA05302A5E301C00EB176B /* SeaYaTests.swift */,
			);
			path = SeaYaTests;
			sourceTree = "<group>";
		};
		73FA05392A5E301C00EB176B /* SeaYaUITests */ = {
			isa = PBXGroup;
			children = (
				73FA053A2A5E301C00EB176B /* SeaYaUITests.swift */,
				73FA053C2A5E301C00EB176B /* SeaYaUITestsLaunchTests.swift */,
			);
			path = SeaYaUITests;
			sourceTree = "<group>";
		};
		BBBBC72E2A5E322500F39E2B /* View */ = {
			isa = PBXGroup;
			children = (
				BBDD707B2A735A4E00977775 /* SettingView */,
				104555882A66408900562B98 /* TimeTableView */,
				0EEFB6512A64D85900F5C5D2 /* Host */,
				BBBBC75E2A5E3B5200F39E2B /* ContentView.swift */,
				BBBBC7622A5E3BCE00F39E2B /* FixedTimeView.swift */,
				7382E9482A72155800837AB2 /* FixedTimeElementView.swift */,
				BBBBC7642A5E3BE900F39E2B /* LaunchScreenView.swift */,
				BBBBC7662A5E3BFC00F39E2B /* MainView.swift */,
				BBBBC7682A5E3C1900F39E2B /* NickNameView.swift */,
				BBBBC76A2A5E3C2D00F39E2B /* OnboardingView.swift */,
				EE14DBC02A64CF22004ECD86 /* SettingView.swift */,
				73AA046E2A6ABE1F003FA06F /* ConfirmView */,
				73CD8FE82A65A935003A274D /* ListUpView */,
				0E81B9362A774C7B004AB171 /* LottieView.swift */,
				0E81B9402A7782C2004AB171 /* CheckTimeDoneView.swift */,
				0E81B93E2A778162004AB171 /* WaitingForConfirmView.swift */,
				0E81B9422A7786DF004AB171 /* GuestWaitingForConfirmView.swift */,
				0E81B9482A77C004004AB171 /* OnboardingDoneView.swift */,
				0E81B96A2A78F64D004AB171 /* ResultView.swift */,
			);
			path = View;
			sourceTree = "<group>";
		};
		BBBBC72F2A5E324800F39E2B /* Model */ = {
			isa = PBXGroup;
			children = (
				1092DD772A60DE8100D4F6D3 /* WeekDay.swift */,
				1092DD732A60DE4D00D4F6D3 /* Event.swift */,
				1092DD742A60DE4D00D4F6D3 /* LocalEvent.swift */,
				BBBBC76C2A5E3C4200F39E2B /* UserData.swift */,
				739FBB6A2A613C050022386D /* DateEvent.swift */,
				739FBB6C2A613C150022386D /* BoundedDate.swift */,
				739FBB6E2A613C240022386D /* TimeOks.swift */,
				739FBB702A613C3F0022386D /* DateMember.swift */,
				0EEFB6752A6ED9CD00F5C5D2 /* MessageWrapper.swift */,
				0EEFB6772A6EE1B300F5C5D2 /* GroupInfo.swift */,
				0EEFB6792A6EF8D200F5C5D2 /* ScheduleDone.swift */,
			);
			path = Model;
			sourceTree = "<group>";
		};
		BBBBC7302A5E325700F39E2B /* ViewModel */ = {
			isa = PBXGroup;
			children = (
				1045558B2A6645F400562B98 /* TimeTableViewModel.swift */,
				7382E9422A7211A400837AB2 /* FixedTimeViewModel.swift */,
			);
			path = ViewModel;
			sourceTree = "<group>";
		};
		BBBBC7312A5E325E00F39E2B /* Utils */ = {
			isa = PBXGroup;
			children = (
				0E81B9442A77A7FB004AB171 /* CustomAlert.swift */,
				0E81B9382A774CB0004AB171 /* HomeView.json */,
				ACB3AEE52A79F2E300BEB90D /* rank.json */,
				ACB3AEE72A79F2FB00BEB90D /* pencil.json */,
				BBBBC7822A65235B00F39E2B /* HostCallingDone.swift */,
				BBBBC7842A676F9F00F39E2B /* CardBackgroundView.swift */,
				BBDD70682A6802B400977775 /* GuestCallingDone.swift */,
				BBDD706A2A68031C00977775 /* ResultCardView.swift */,
				1092DD792A60E39800D4F6D3 /* DateUtil.swift */,
				EE14DBC22A64CFE6004ECD86 /* HapticsManager.swift */,
				0EEFB6582A64D8C300F5C5D2 /* Date+.swift */,
			);
			path = Utils;
			sourceTree = "<group>";
		};
		BBBBC7322A5E326400F39E2B /* DesignSystem */ = {
			isa = PBXGroup;
			children = (
				BBBBC77A2A60E05F00F39E2B /* Typography.swift */,
				BBBBC7802A60F1CD00F39E2B /* Color.swift */,
				BBBBC7862A67740F00F39E2B /* ButtonTheme.swift */,
				BBDD706E2A69453100977775 /* TextFieldTheme.swift */,
			);
			path = DesignSystem;
			sourceTree = "<group>";
		};
		BBBBC7332A5E329200F39E2B /* Service */ = {
			isa = PBXGroup;
			children = (
				739FBB682A613BCF0022386D /* CalcOksService.swift */,
				104555842A66402C00562B98 /* CalendarService.swift */,
				104555862A66404700562B98 /* TimeTableService.swift */,
				0EEFB6722A6EC65200F5C5D2 /* ConnectionService.swift */,
			);
			path = Service;
			sourceTree = "<group>";
		};
		BBDD706D2A6944ED00977775 /* Recovered References */ = {
			isa = PBXGroup;
			children = (
			);
			name = "Recovered References";
			sourceTree = "<group>";
		};
		BBDD707B2A735A4E00977775 /* SettingView */ = {
			isa = PBXGroup;
			children = (
				BBDD707C2A735A6300977775 /* UserInfoView.swift */,
				BBDD70822A789D9E00977775 /* NicknameEditView.swift */,
			);
			path = SettingView;
			sourceTree = "<group>";
		};
/* End PBXGroup section */

/* Begin PBXNativeTarget section */
		73FA051B2A5E301A00EB176B /* SeaYa */ = {
			isa = PBXNativeTarget;
			buildConfigurationList = 73FA05402A5E301C00EB176B /* Build configuration list for PBXNativeTarget "SeaYa" */;
			buildPhases = (
				73FA05182A5E301A00EB176B /* Sources */,
				73FA05192A5E301A00EB176B /* Frameworks */,
				73FA051A2A5E301A00EB176B /* Resources */,
			);
			buildRules = (
			);
			dependencies = (
			);
			name = SeaYa;
			packageProductDependencies = (
				0E81B9342A774B90004AB171 /* Lottie */,
			);
			productName = SeaYa;
			productReference = 73FA051C2A5E301A00EB176B /* SeaYa.app */;
			productType = "com.apple.product-type.application";
		};
		73FA052B2A5E301C00EB176B /* SeaYaTests */ = {
			isa = PBXNativeTarget;
			buildConfigurationList = 73FA05432A5E301C00EB176B /* Build configuration list for PBXNativeTarget "SeaYaTests" */;
			buildPhases = (
				73FA05282A5E301C00EB176B /* Sources */,
				73FA05292A5E301C00EB176B /* Frameworks */,
				73FA052A2A5E301C00EB176B /* Resources */,
			);
			buildRules = (
			);
			dependencies = (
				73FA052E2A5E301C00EB176B /* PBXTargetDependency */,
			);
			name = SeaYaTests;
			productName = SeaYaTests;
			productReference = 73FA052C2A5E301C00EB176B /* SeaYaTests.xctest */;
			productType = "com.apple.product-type.bundle.unit-test";
		};
		73FA05352A5E301C00EB176B /* SeaYaUITests */ = {
			isa = PBXNativeTarget;
			buildConfigurationList = 73FA05462A5E301C00EB176B /* Build configuration list for PBXNativeTarget "SeaYaUITests" */;
			buildPhases = (
				73FA05322A5E301C00EB176B /* Sources */,
				73FA05332A5E301C00EB176B /* Frameworks */,
				73FA05342A5E301C00EB176B /* Resources */,
			);
			buildRules = (
			);
			dependencies = (
				73FA05382A5E301C00EB176B /* PBXTargetDependency */,
			);
			name = SeaYaUITests;
			productName = SeaYaUITests;
			productReference = 73FA05362A5E301C00EB176B /* SeaYaUITests.xctest */;
			productType = "com.apple.product-type.bundle.ui-testing";
		};
/* End PBXNativeTarget section */

/* Begin PBXProject section */
		73FA05142A5E301A00EB176B /* Project object */ = {
			isa = PBXProject;
			attributes = {
				BuildIndependentTargetsInParallel = 1;
				LastSwiftUpdateCheck = 1430;
				LastUpgradeCheck = 1430;
				TargetAttributes = {
					73FA051B2A5E301A00EB176B = {
						CreatedOnToolsVersion = 14.3;
					};
					73FA052B2A5E301C00EB176B = {
						CreatedOnToolsVersion = 14.3;
						TestTargetID = 73FA051B2A5E301A00EB176B;
					};
					73FA05352A5E301C00EB176B = {
						CreatedOnToolsVersion = 14.3;
						TestTargetID = 73FA051B2A5E301A00EB176B;
					};
				};
			};
			buildConfigurationList = 73FA05172A5E301A00EB176B /* Build configuration list for PBXProject "SeaYa" */;
			compatibilityVersion = "Xcode 14.0";
			developmentRegion = en;
			hasScannedForEncodings = 0;
			knownRegions = (
				en,
				Base,
			);
			mainGroup = 73FA05132A5E301A00EB176B;
			packageReferences = (
				0E81B9332A774B8F004AB171 /* XCRemoteSwiftPackageReference "lottie-spm" */,
			);
			productRefGroup = 73FA051D2A5E301A00EB176B /* Products */;
			projectDirPath = "";
			projectRoot = "";
			targets = (
				73FA051B2A5E301A00EB176B /* SeaYa */,
				73FA052B2A5E301C00EB176B /* SeaYaTests */,
				73FA05352A5E301C00EB176B /* SeaYaUITests */,
			);
		};
/* End PBXProject section */

/* Begin PBXResourcesBuildPhase section */
		73FA051A2A5E301A00EB176B /* Resources */ = {
			isa = PBXResourcesBuildPhase;
			buildActionMask = 2147483647;
			files = (
				73FA05272A5E301C00EB176B /* Preview Assets.xcassets in Resources */,
				ACB3AEE62A79F2E300BEB90D /* rank.json in Resources */,
				0E81B9392A774CB0004AB171 /* HomeView.json in Resources */,
				73FA05242A5E301C00EB176B /* Assets.xcassets in Resources */,
				ACB3AEE82A79F2FB00BEB90D /* pencil.json in Resources */,
			);
			runOnlyForDeploymentPostprocessing = 0;
		};
		73FA052A2A5E301C00EB176B /* Resources */ = {
			isa = PBXResourcesBuildPhase;
			buildActionMask = 2147483647;
			files = (
			);
			runOnlyForDeploymentPostprocessing = 0;
		};
		73FA05342A5E301C00EB176B /* Resources */ = {
			isa = PBXResourcesBuildPhase;
			buildActionMask = 2147483647;
			files = (
			);
			runOnlyForDeploymentPostprocessing = 0;
		};
/* End PBXResourcesBuildPhase section */

/* Begin PBXSourcesBuildPhase section */
		73FA05182A5E301A00EB176B /* Sources */ = {
			isa = PBXSourcesBuildPhase;
			buildActionMask = 2147483647;
			files = (
				BBDD70832A789D9E00977775 /* NicknameEditView.swift in Sources */,
				BBBBC7692A5E3C1900F39E2B /* NickNameView.swift in Sources */,
				EE14DBC12A64CF22004ECD86 /* SettingView.swift in Sources */,
				73130C002A6A58A500554A36 /* ConfirmDateModalView.swift in Sources */,
				1092DD752A60DE4D00D4F6D3 /* Event.swift in Sources */,
				BBBBC75F2A5E3B5200F39E2B /* ContentView.swift in Sources */,
				BBDD706B2A68031C00977775 /* ResultCardView.swift in Sources */,
				7382E9432A7211A400837AB2 /* FixedTimeViewModel.swift in Sources */,
				BBBBC7852A676F9F00F39E2B /* CardBackgroundView.swift in Sources */,
				73130BFE2A6A3C7800554A36 /* ConfirmView.swift in Sources */,
				BBBBC76D2A5E3C4200F39E2B /* UserData.swift in Sources */,
				0EEFB6732A6EC65200F5C5D2 /* ConnectionService.swift in Sources */,
				BBBBC7812A60F1CD00F39E2B /* Color.swift in Sources */,
				0EEFB6712A6EC60B00F5C5D2 /* HostCallingView.swift in Sources */,
				0E5E161F2A725F7000143374 /* GuestListCellView.swift in Sources */,
				BBBBC7632A5E3BCE00F39E2B /* FixedTimeView.swift in Sources */,
				0E81B9492A77C004004AB171 /* OnboardingDoneView.swift in Sources */,
				739FBB692A613BCF0022386D /* CalcOksService.swift in Sources */,
				73FA05202A5E301A00EB176B /* SeaYaApp.swift in Sources */,
				BBBBC7672A5E3BFC00F39E2B /* MainView.swift in Sources */,
				EE14DBC32A64CFE6004ECD86 /* HapticsManager.swift in Sources */,
				BBDD706F2A69453100977775 /* TextFieldTheme.swift in Sources */,
				0EEFB6762A6ED9CD00F5C5D2 /* MessageWrapper.swift in Sources */,
				73130C022A6A8E2700554A36 /* ConfirmStartModalView.swift in Sources */,
				104555852A66402C00562B98 /* CalendarService.swift in Sources */,
				73C746032A80710600D4ED7C /* RectangleView.swift in Sources */,
				104555872A66404700562B98 /* TimeTableService.swift in Sources */,
				0E81B9412A7782C2004AB171 /* CheckTimeDoneView.swift in Sources */,
				0EEFB6572A64D89900F5C5D2 /* CalendarView.swift in Sources */,
				1092DD782A60DE8100D4F6D3 /* WeekDay.swift in Sources */,
				739FBB712A613C3F0022386D /* DateMember.swift in Sources */,
				73CD8FAF2A6593E8003A274D /* ListUpElementDetailView.swift in Sources */,
				0EEFB6592A64D8C300F5C5D2 /* Date+.swift in Sources */,
				0E81B93F2A778162004AB171 /* WaitingForConfirmView.swift in Sources */,
				0E5E161D2A71FF7600143374 /* GuestListView.swift in Sources */,
				0E81B9432A7786DF004AB171 /* GuestWaitingForConfirmView.swift in Sources */,
				1092DD712A60DE2200D4F6D3 /* LocalCalendarRepository.swift in Sources */,
				739FBB6B2A613C050022386D /* DateEvent.swift in Sources */,
				1045558C2A6645F400562B98 /* TimeTableViewModel.swift in Sources */,
				1045558A2A66409B00562B98 /* TimeTable.swift in Sources */,
				0EEFB67A2A6EF8D200F5C5D2 /* ScheduleDone.swift in Sources */,
				1092DD762A60DE4D00D4F6D3 /* LocalEvent.swift in Sources */,
				0E81B9452A77A7FB004AB171 /* CustomAlert.swift in Sources */,
				73CD8FAB2A64DC99003A274D /* ListUpElementView.swift in Sources */,
				739FBB6D2A613C150022386D /* BoundedDate.swift in Sources */,
				BBBBC7652A5E3BE900F39E2B /* LaunchScreenView.swift in Sources */,
				0EEFB6782A6EE1B300F5C5D2 /* GroupInfo.swift in Sources */,
				73130C042A6A97EA00554A36 /* ConfirmMemberModalView.swift in Sources */,
				0E81B96B2A78F64D004AB171 /* ResultView.swift in Sources */,
				BBBBC77B2A60E05F00F39E2B /* Typography.swift in Sources */,
				0E81B9372A774C7B004AB171 /* LottieView.swift in Sources */,
				BBBBC76B2A5E3C2D00F39E2B /* OnboardingView.swift in Sources */,
				BBBBC7872A67740F00F39E2B /* ButtonTheme.swift in Sources */,
				BBBBC7832A65235B00F39E2B /* HostCallingDone.swift in Sources */,
				BBDD707D2A735A6300977775 /* UserInfoView.swift in Sources */,
				BBDD70692A6802B400977775 /* GuestCallingDone.swift in Sources */,
				1012D6632A755D3B0033BD72 /* UserInfoRepository.swift in Sources */,
				0EEFB6542A64D87100F5C5D2 /* MakingGroupView.swift in Sources */,
				739FBB6F2A613C240022386D /* TimeOks.swift in Sources */,
				7382E9492A72155800837AB2 /* FixedTimeElementView.swift in Sources */,
				BBBBC76B2A5E3C2D00F39E2B /* OnboardingView.swift in Sources */,
				1092DD722A60DE2200D4F6D3 /* RemoteCalendarRepository.swift in Sources */,
				1092DD7A2A60E39800D4F6D3 /* DateUtil.swift in Sources */,
				7369F97D2A64CB470050EB8F /* ListUpView.swift in Sources */,
			);
			runOnlyForDeploymentPostprocessing = 0;
		};
		73FA05282A5E301C00EB176B /* Sources */ = {
			isa = PBXSourcesBuildPhase;
			buildActionMask = 2147483647;
			files = (
				739FBB772A613D100022386D /* CalcOksServiceTest.swift in Sources */,
				73FA05312A5E301C00EB176B /* SeaYaTests.swift in Sources */,
			);
			runOnlyForDeploymentPostprocessing = 0;
		};
		73FA05322A5E301C00EB176B /* Sources */ = {
			isa = PBXSourcesBuildPhase;
			buildActionMask = 2147483647;
			files = (
				73FA053D2A5E301C00EB176B /* SeaYaUITestsLaunchTests.swift in Sources */,
				73FA053B2A5E301C00EB176B /* SeaYaUITests.swift in Sources */,
			);
			runOnlyForDeploymentPostprocessing = 0;
		};
/* End PBXSourcesBuildPhase section */

/* Begin PBXTargetDependency section */
		73FA052E2A5E301C00EB176B /* PBXTargetDependency */ = {
			isa = PBXTargetDependency;
			target = 73FA051B2A5E301A00EB176B /* SeaYa */;
			targetProxy = 73FA052D2A5E301C00EB176B /* PBXContainerItemProxy */;
		};
		73FA05382A5E301C00EB176B /* PBXTargetDependency */ = {
			isa = PBXTargetDependency;
			target = 73FA051B2A5E301A00EB176B /* SeaYa */;
			targetProxy = 73FA05372A5E301C00EB176B /* PBXContainerItemProxy */;
		};
/* End PBXTargetDependency section */

/* Begin XCBuildConfiguration section */
		73FA053E2A5E301C00EB176B /* Debug */ = {
			isa = XCBuildConfiguration;
			buildSettings = {
				ALWAYS_SEARCH_USER_PATHS = NO;
				CLANG_ANALYZER_NONNULL = YES;
				CLANG_ANALYZER_NUMBER_OBJECT_CONVERSION = YES_AGGRESSIVE;
				CLANG_CXX_LANGUAGE_STANDARD = "gnu++20";
				CLANG_ENABLE_MODULES = YES;
				CLANG_ENABLE_OBJC_ARC = YES;
				CLANG_ENABLE_OBJC_WEAK = YES;
				CLANG_WARN_BLOCK_CAPTURE_AUTORELEASING = YES;
				CLANG_WARN_BOOL_CONVERSION = YES;
				CLANG_WARN_COMMA = YES;
				CLANG_WARN_CONSTANT_CONVERSION = YES;
				CLANG_WARN_DEPRECATED_OBJC_IMPLEMENTATIONS = YES;
				CLANG_WARN_DIRECT_OBJC_ISA_USAGE = YES_ERROR;
				CLANG_WARN_DOCUMENTATION_COMMENTS = YES;
				CLANG_WARN_EMPTY_BODY = YES;
				CLANG_WARN_ENUM_CONVERSION = YES;
				CLANG_WARN_INFINITE_RECURSION = YES;
				CLANG_WARN_INT_CONVERSION = YES;
				CLANG_WARN_NON_LITERAL_NULL_CONVERSION = YES;
				CLANG_WARN_OBJC_IMPLICIT_RETAIN_SELF = YES;
				CLANG_WARN_OBJC_LITERAL_CONVERSION = YES;
				CLANG_WARN_OBJC_ROOT_CLASS = YES_ERROR;
				CLANG_WARN_QUOTED_INCLUDE_IN_FRAMEWORK_HEADER = YES;
				CLANG_WARN_RANGE_LOOP_ANALYSIS = YES;
				CLANG_WARN_STRICT_PROTOTYPES = YES;
				CLANG_WARN_SUSPICIOUS_MOVE = YES;
				CLANG_WARN_UNGUARDED_AVAILABILITY = YES_AGGRESSIVE;
				CLANG_WARN_UNREACHABLE_CODE = YES;
				CLANG_WARN__DUPLICATE_METHOD_MATCH = YES;
				COPY_PHASE_STRIP = NO;
				DEBUG_INFORMATION_FORMAT = dwarf;
				ENABLE_STRICT_OBJC_MSGSEND = YES;
				ENABLE_TESTABILITY = YES;
				GCC_C_LANGUAGE_STANDARD = gnu11;
				GCC_DYNAMIC_NO_PIC = NO;
				GCC_NO_COMMON_BLOCKS = YES;
				GCC_OPTIMIZATION_LEVEL = 0;
				GCC_PREPROCESSOR_DEFINITIONS = (
					"DEBUG=1",
					"$(inherited)",
				);
				GCC_WARN_64_TO_32_BIT_CONVERSION = YES;
				GCC_WARN_ABOUT_RETURN_TYPE = YES_ERROR;
				GCC_WARN_UNDECLARED_SELECTOR = YES;
				GCC_WARN_UNINITIALIZED_AUTOS = YES_AGGRESSIVE;
				GCC_WARN_UNUSED_FUNCTION = YES;
				GCC_WARN_UNUSED_VARIABLE = YES;
				IPHONEOS_DEPLOYMENT_TARGET = 16.4;
				MTL_ENABLE_DEBUG_INFO = INCLUDE_SOURCE;
				MTL_FAST_MATH = YES;
				ONLY_ACTIVE_ARCH = YES;
				SDKROOT = iphoneos;
				SWIFT_ACTIVE_COMPILATION_CONDITIONS = DEBUG;
				SWIFT_OPTIMIZATION_LEVEL = "-Onone";
			};
			name = Debug;
		};
		73FA053F2A5E301C00EB176B /* Release */ = {
			isa = XCBuildConfiguration;
			buildSettings = {
				ALWAYS_SEARCH_USER_PATHS = NO;
				CLANG_ANALYZER_NONNULL = YES;
				CLANG_ANALYZER_NUMBER_OBJECT_CONVERSION = YES_AGGRESSIVE;
				CLANG_CXX_LANGUAGE_STANDARD = "gnu++20";
				CLANG_ENABLE_MODULES = YES;
				CLANG_ENABLE_OBJC_ARC = YES;
				CLANG_ENABLE_OBJC_WEAK = YES;
				CLANG_WARN_BLOCK_CAPTURE_AUTORELEASING = YES;
				CLANG_WARN_BOOL_CONVERSION = YES;
				CLANG_WARN_COMMA = YES;
				CLANG_WARN_CONSTANT_CONVERSION = YES;
				CLANG_WARN_DEPRECATED_OBJC_IMPLEMENTATIONS = YES;
				CLANG_WARN_DIRECT_OBJC_ISA_USAGE = YES_ERROR;
				CLANG_WARN_DOCUMENTATION_COMMENTS = YES;
				CLANG_WARN_EMPTY_BODY = YES;
				CLANG_WARN_ENUM_CONVERSION = YES;
				CLANG_WARN_INFINITE_RECURSION = YES;
				CLANG_WARN_INT_CONVERSION = YES;
				CLANG_WARN_NON_LITERAL_NULL_CONVERSION = YES;
				CLANG_WARN_OBJC_IMPLICIT_RETAIN_SELF = YES;
				CLANG_WARN_OBJC_LITERAL_CONVERSION = YES;
				CLANG_WARN_OBJC_ROOT_CLASS = YES_ERROR;
				CLANG_WARN_QUOTED_INCLUDE_IN_FRAMEWORK_HEADER = YES;
				CLANG_WARN_RANGE_LOOP_ANALYSIS = YES;
				CLANG_WARN_STRICT_PROTOTYPES = YES;
				CLANG_WARN_SUSPICIOUS_MOVE = YES;
				CLANG_WARN_UNGUARDED_AVAILABILITY = YES_AGGRESSIVE;
				CLANG_WARN_UNREACHABLE_CODE = YES;
				CLANG_WARN__DUPLICATE_METHOD_MATCH = YES;
				COPY_PHASE_STRIP = NO;
				DEBUG_INFORMATION_FORMAT = "dwarf-with-dsym";
				ENABLE_NS_ASSERTIONS = NO;
				ENABLE_STRICT_OBJC_MSGSEND = YES;
				GCC_C_LANGUAGE_STANDARD = gnu11;
				GCC_NO_COMMON_BLOCKS = YES;
				GCC_WARN_64_TO_32_BIT_CONVERSION = YES;
				GCC_WARN_ABOUT_RETURN_TYPE = YES_ERROR;
				GCC_WARN_UNDECLARED_SELECTOR = YES;
				GCC_WARN_UNINITIALIZED_AUTOS = YES_AGGRESSIVE;
				GCC_WARN_UNUSED_FUNCTION = YES;
				GCC_WARN_UNUSED_VARIABLE = YES;
				IPHONEOS_DEPLOYMENT_TARGET = 16.4;
				MTL_ENABLE_DEBUG_INFO = NO;
				MTL_FAST_MATH = YES;
				SDKROOT = iphoneos;
				SWIFT_COMPILATION_MODE = wholemodule;
				SWIFT_OPTIMIZATION_LEVEL = "-O";
				VALIDATE_PRODUCT = YES;
			};
			name = Release;
		};
		73FA05412A5E301C00EB176B /* Debug */ = {
			isa = XCBuildConfiguration;
			buildSettings = {
				ASSETCATALOG_COMPILER_APPICON_NAME = AppIcon;
				ASSETCATALOG_COMPILER_GLOBAL_ACCENT_COLOR_NAME = AccentColor;
				CODE_SIGN_IDENTITY = "Apple Development";
				CODE_SIGN_STYLE = Automatic;
				CURRENT_PROJECT_VERSION = 1;
				DEVELOPMENT_ASSET_PATHS = "\"SeaYa/Preview Content\"";
				DEVELOPMENT_TEAM = 3YTM76FTHB;
				ENABLE_PREVIEWS = YES;
				GENERATE_INFOPLIST_FILE = YES;
				INFOPLIST_FILE = SeaYa/Info.plist;
				INFOPLIST_KEY_NSCalendarsUsageDescription = "\"SeaYa\"";
				INFOPLIST_KEY_NSLocalNetworkUsageDescription = "We need access to your local network to connect and communicate with nearby devices securely.";
				INFOPLIST_KEY_UIApplicationSceneManifest_Generation = YES;
				INFOPLIST_KEY_UIApplicationSupportsIndirectInputEvents = YES;
				INFOPLIST_KEY_UILaunchScreen_Generation = YES;
				INFOPLIST_KEY_UISupportedInterfaceOrientations = UIInterfaceOrientationPortrait;
				INFOPLIST_KEY_UISupportedInterfaceOrientations_iPad = "UIInterfaceOrientationLandscapeLeft UIInterfaceOrientationLandscapeRight UIInterfaceOrientationPortrait UIInterfaceOrientationPortraitUpsideDown";
				LD_RUNPATH_SEARCH_PATHS = (
					"$(inherited)",
					"@executable_path/Frameworks",
				);
				MARKETING_VERSION = 1.0.1;
				PRODUCT_BUNDLE_IDENTIFIER = com.ou.seaya.23;
				PRODUCT_NAME = "$(TARGET_NAME)";
				PROVISIONING_PROFILE_SPECIFIER = "";
				SUPPORTED_PLATFORMS = "iphoneos iphonesimulator";
				SUPPORTS_MACCATALYST = NO;
				SUPPORTS_MAC_DESIGNED_FOR_IPHONE_IPAD = NO;
				SWIFT_EMIT_LOC_STRINGS = YES;
				SWIFT_VERSION = 5.0;
				TARGETED_DEVICE_FAMILY = 1;
			};
			name = Debug;
		};
		73FA05422A5E301C00EB176B /* Release */ = {
			isa = XCBuildConfiguration;
			buildSettings = {
				ASSETCATALOG_COMPILER_APPICON_NAME = AppIcon;
				ASSETCATALOG_COMPILER_GLOBAL_ACCENT_COLOR_NAME = AccentColor;
				CODE_SIGN_IDENTITY = "Apple Development";
				CODE_SIGN_STYLE = Automatic;
				CURRENT_PROJECT_VERSION = 1;
				DEVELOPMENT_ASSET_PATHS = "\"SeaYa/Preview Content\"";
				DEVELOPMENT_TEAM = 3YTM76FTHB;
				ENABLE_PREVIEWS = YES;
				GENERATE_INFOPLIST_FILE = YES;
				INFOPLIST_FILE = SeaYa/Info.plist;
				INFOPLIST_KEY_NSCalendarsUsageDescription = "\"SeaYa\"";
				INFOPLIST_KEY_NSLocalNetworkUsageDescription = "We need access to your local network to connect and communicate with nearby devices securely.";
				INFOPLIST_KEY_UIApplicationSceneManifest_Generation = YES;
				INFOPLIST_KEY_UIApplicationSupportsIndirectInputEvents = YES;
				INFOPLIST_KEY_UILaunchScreen_Generation = YES;
				INFOPLIST_KEY_UISupportedInterfaceOrientations = UIInterfaceOrientationPortrait;
				INFOPLIST_KEY_UISupportedInterfaceOrientations_iPad = "UIInterfaceOrientationLandscapeLeft UIInterfaceOrientationLandscapeRight UIInterfaceOrientationPortrait UIInterfaceOrientationPortraitUpsideDown";
				LD_RUNPATH_SEARCH_PATHS = (
					"$(inherited)",
					"@executable_path/Frameworks",
				);
				MARKETING_VERSION = 1.0.1;
				PRODUCT_BUNDLE_IDENTIFIER = com.ou.seaya.23;
				PRODUCT_NAME = "$(TARGET_NAME)";
				PROVISIONING_PROFILE_SPECIFIER = "";
				SUPPORTED_PLATFORMS = "iphoneos iphonesimulator";
				SUPPORTS_MACCATALYST = NO;
				SUPPORTS_MAC_DESIGNED_FOR_IPHONE_IPAD = NO;
				SWIFT_EMIT_LOC_STRINGS = YES;
				SWIFT_VERSION = 5.0;
				TARGETED_DEVICE_FAMILY = 1;
			};
			name = Release;
		};
		73FA05442A5E301C00EB176B /* Debug */ = {
			isa = XCBuildConfiguration;
			buildSettings = {
				ALWAYS_EMBED_SWIFT_STANDARD_LIBRARIES = YES;
				BUNDLE_LOADER = "$(TEST_HOST)";
				CODE_SIGN_STYLE = Automatic;
				CURRENT_PROJECT_VERSION = 1;
				DEVELOPMENT_TEAM = 3YTM76FTHB;
				GENERATE_INFOPLIST_FILE = YES;
				IPHONEOS_DEPLOYMENT_TARGET = 16.4;
				MARKETING_VERSION = 1.0;
				PRODUCT_BUNDLE_IDENTIFIER = com.ou.seayaTests;
				PRODUCT_NAME = "$(TARGET_NAME)";
				SUPPORTED_PLATFORMS = "iphoneos iphonesimulator";
				SUPPORTS_MACCATALYST = NO;
				SUPPORTS_MAC_DESIGNED_FOR_IPHONE_IPAD = NO;
				SWIFT_EMIT_LOC_STRINGS = NO;
				SWIFT_VERSION = 5.0;
				TARGETED_DEVICE_FAMILY = 1;
				TEST_HOST = "$(BUILT_PRODUCTS_DIR)/SeaYa.app/$(BUNDLE_EXECUTABLE_FOLDER_PATH)/SeaYa";
			};
			name = Debug;
		};
		73FA05452A5E301C00EB176B /* Release */ = {
			isa = XCBuildConfiguration;
			buildSettings = {
				ALWAYS_EMBED_SWIFT_STANDARD_LIBRARIES = YES;
				BUNDLE_LOADER = "$(TEST_HOST)";
				CODE_SIGN_STYLE = Automatic;
				CURRENT_PROJECT_VERSION = 1;
				DEVELOPMENT_TEAM = 3YTM76FTHB;
				GENERATE_INFOPLIST_FILE = YES;
				IPHONEOS_DEPLOYMENT_TARGET = 16.4;
				MARKETING_VERSION = 1.0;
				PRODUCT_BUNDLE_IDENTIFIER = com.ou.seayaTests;
				PRODUCT_NAME = "$(TARGET_NAME)";
				SUPPORTED_PLATFORMS = "iphoneos iphonesimulator";
				SUPPORTS_MACCATALYST = NO;
				SUPPORTS_MAC_DESIGNED_FOR_IPHONE_IPAD = NO;
				SWIFT_EMIT_LOC_STRINGS = NO;
				SWIFT_VERSION = 5.0;
				TARGETED_DEVICE_FAMILY = 1;
				TEST_HOST = "$(BUILT_PRODUCTS_DIR)/SeaYa.app/$(BUNDLE_EXECUTABLE_FOLDER_PATH)/SeaYa";
			};
			name = Release;
		};
		73FA05472A5E301C00EB176B /* Debug */ = {
			isa = XCBuildConfiguration;
			buildSettings = {
				ALWAYS_EMBED_SWIFT_STANDARD_LIBRARIES = YES;
				CODE_SIGN_STYLE = Automatic;
				CURRENT_PROJECT_VERSION = 1;
				DEVELOPMENT_TEAM = 3YTM76FTHB;
				GENERATE_INFOPLIST_FILE = YES;
				MARKETING_VERSION = 1.0;
				PRODUCT_BUNDLE_IDENTIFIER = com.ou.seayaUITests;
				PRODUCT_NAME = "$(TARGET_NAME)";
				SUPPORTED_PLATFORMS = "iphoneos iphonesimulator";
				SUPPORTS_MACCATALYST = NO;
				SUPPORTS_MAC_DESIGNED_FOR_IPHONE_IPAD = NO;
				SWIFT_EMIT_LOC_STRINGS = NO;
				SWIFT_VERSION = 5.0;
				TARGETED_DEVICE_FAMILY = 1;
				TEST_TARGET_NAME = SeaYa;
			};
			name = Debug;
		};
		73FA05482A5E301C00EB176B /* Release */ = {
			isa = XCBuildConfiguration;
			buildSettings = {
				ALWAYS_EMBED_SWIFT_STANDARD_LIBRARIES = YES;
				CODE_SIGN_STYLE = Automatic;
				CURRENT_PROJECT_VERSION = 1;
				DEVELOPMENT_TEAM = 3YTM76FTHB;
				GENERATE_INFOPLIST_FILE = YES;
				MARKETING_VERSION = 1.0;
				PRODUCT_BUNDLE_IDENTIFIER = com.ou.seayaUITests;
				PRODUCT_NAME = "$(TARGET_NAME)";
				SUPPORTED_PLATFORMS = "iphoneos iphonesimulator";
				SUPPORTS_MACCATALYST = NO;
				SUPPORTS_MAC_DESIGNED_FOR_IPHONE_IPAD = NO;
				SWIFT_EMIT_LOC_STRINGS = NO;
				SWIFT_VERSION = 5.0;
				TARGETED_DEVICE_FAMILY = 1;
				TEST_TARGET_NAME = SeaYa;
			};
			name = Release;
		};
/* End XCBuildConfiguration section */

/* Begin XCConfigurationList section */
		73FA05172A5E301A00EB176B /* Build configuration list for PBXProject "SeaYa" */ = {
			isa = XCConfigurationList;
			buildConfigurations = (
				73FA053E2A5E301C00EB176B /* Debug */,
				73FA053F2A5E301C00EB176B /* Release */,
			);
			defaultConfigurationIsVisible = 0;
			defaultConfigurationName = Release;
		};
		73FA05402A5E301C00EB176B /* Build configuration list for PBXNativeTarget "SeaYa" */ = {
			isa = XCConfigurationList;
			buildConfigurations = (
				73FA05412A5E301C00EB176B /* Debug */,
				73FA05422A5E301C00EB176B /* Release */,
			);
			defaultConfigurationIsVisible = 0;
			defaultConfigurationName = Release;
		};
		73FA05432A5E301C00EB176B /* Build configuration list for PBXNativeTarget "SeaYaTests" */ = {
			isa = XCConfigurationList;
			buildConfigurations = (
				73FA05442A5E301C00EB176B /* Debug */,
				73FA05452A5E301C00EB176B /* Release */,
			);
			defaultConfigurationIsVisible = 0;
			defaultConfigurationName = Release;
		};
		73FA05462A5E301C00EB176B /* Build configuration list for PBXNativeTarget "SeaYaUITests" */ = {
			isa = XCConfigurationList;
			buildConfigurations = (
				73FA05472A5E301C00EB176B /* Debug */,
				73FA05482A5E301C00EB176B /* Release */,
			);
			defaultConfigurationIsVisible = 0;
			defaultConfigurationName = Release;
		};
/* End XCConfigurationList section */

/* Begin XCRemoteSwiftPackageReference section */
		0E81B9332A774B8F004AB171 /* XCRemoteSwiftPackageReference "lottie-spm" */ = {
			isa = XCRemoteSwiftPackageReference;
			repositoryURL = "https://github.com/airbnb/lottie-spm.git";
			requirement = {
				kind = upToNextMajorVersion;
				minimumVersion = 4.0.0;
			};
		};
/* End XCRemoteSwiftPackageReference section */

/* Begin XCSwiftPackageProductDependency section */
		0E81B9342A774B90004AB171 /* Lottie */ = {
			isa = XCSwiftPackageProductDependency;
			package = 0E81B9332A774B8F004AB171 /* XCRemoteSwiftPackageReference "lottie-spm" */;
			productName = Lottie;
		};
/* End XCSwiftPackageProductDependency section */
	};
	rootObject = 73FA05142A5E301A00EB176B /* Project object */;
}
