// !$*UTF8*$!
{
	archiveVersion = 1;
	classes = {
	};
	objectVersion = 56;
	objects = {

/* Begin PBXBuildFile section */
		7308AA232A604D5D0078A9F2 /* CLMTest.json in Resources */ = {isa = PBXBuildFile; fileRef = 7308AA222A604D5D0078A9F2 /* CLMTest.json */; };
		7308AA252A604F8E0078A9F2 /* CalcOksServiceTests.swift in Sources */ = {isa = PBXBuildFile; fileRef = 7308AA242A604F8E0078A9F2 /* CalcOksServiceTests.swift */; };
		732D61512A61142100D83EA9 /* BoundedDate.swift in Sources */ = {isa = PBXBuildFile; fileRef = 732D61502A61142100D83EA9 /* BoundedDate.swift */; };
		73365AA32A605267007B4104 /* TimeOks.swift in Sources */ = {isa = PBXBuildFile; fileRef = 73365AA22A605267007B4104 /* TimeOks.swift */; };
		738F12FF2A5F7A92009C70A2 /* DateMember.swift in Sources */ = {isa = PBXBuildFile; fileRef = 738F12FE2A5F7A92009C70A2 /* DateMember.swift */; };
		1092DD712A60DE2200D4F6D3 /* LocalCalendarRepository.swift in Sources */ = {isa = PBXBuildFile; fileRef = 1092DD6F2A60DE2200D4F6D3 /* LocalCalendarRepository.swift */; };
		1092DD722A60DE2200D4F6D3 /* RemoteCalendarRepository.swift in Sources */ = {isa = PBXBuildFile; fileRef = 1092DD702A60DE2200D4F6D3 /* RemoteCalendarRepository.swift */; };
		1092DD752A60DE4D00D4F6D3 /* Event.swift in Sources */ = {isa = PBXBuildFile; fileRef = 1092DD732A60DE4D00D4F6D3 /* Event.swift */; };
		1092DD762A60DE4D00D4F6D3 /* LocalEvent.swift in Sources */ = {isa = PBXBuildFile; fileRef = 1092DD742A60DE4D00D4F6D3 /* LocalEvent.swift */; };
		1092DD782A60DE8100D4F6D3 /* WeekDay.swift in Sources */ = {isa = PBXBuildFile; fileRef = 1092DD772A60DE8100D4F6D3 /* WeekDay.swift */; };
		1092DD7A2A60E39800D4F6D3 /* DateUtil.swift in Sources */ = {isa = PBXBuildFile; fileRef = 1092DD792A60E39800D4F6D3 /* DateUtil.swift */; };
		1092DD7C2A60E3C700D4F6D3 /* RemoteCalendarRepository.swift in Sources */ = {isa = PBXBuildFile; fileRef = 1092DD7B2A60E3C700D4F6D3 /* RemoteCalendarRepository.swift */; };
		73FA05202A5E301A00EB176B /* SeaYaApp.swift in Sources */ = {isa = PBXBuildFile; fileRef = 73FA051F2A5E301A00EB176B /* SeaYaApp.swift */; };
		73FA05242A5E301C00EB176B /* Assets.xcassets in Resources */ = {isa = PBXBuildFile; fileRef = 73FA05232A5E301C00EB176B /* Assets.xcassets */; };
		73FA05272A5E301C00EB176B /* Preview Assets.xcassets in Resources */ = {isa = PBXBuildFile; fileRef = 73FA05262A5E301C00EB176B /* Preview Assets.xcassets */; };
		73FA05312A5E301C00EB176B /* SeaYaTests.swift in Sources */ = {isa = PBXBuildFile; fileRef = 73FA05302A5E301C00EB176B /* SeaYaTests.swift */; };
		73FA053B2A5E301C00EB176B /* SeaYaUITests.swift in Sources */ = {isa = PBXBuildFile; fileRef = 73FA053A2A5E301C00EB176B /* SeaYaUITests.swift */; };
		73FA053D2A5E301C00EB176B /* SeaYaUITestsLaunchTests.swift in Sources */ = {isa = PBXBuildFile; fileRef = 73FA053C2A5E301C00EB176B /* SeaYaUITestsLaunchTests.swift */; };
		73FDB3B12A5F7D4800B94626 /* DateEvent.swift in Sources */ = {isa = PBXBuildFile; fileRef = 73FDB3B02A5F7D4800B94626 /* DateEvent.swift */; };
		73FDB3B32A5F805200B94626 /* CalcOksService.swift in Sources */ = {isa = PBXBuildFile; fileRef = 73FDB3B22A5F805200B94626 /* CalcOksService.swift */; };
		BBBBC75F2A5E3B5200F39E2B /* ContentView.swift in Sources */ = {isa = PBXBuildFile; fileRef = BBBBC75E2A5E3B5200F39E2B /* ContentView.swift */; };
		BBBBC7632A5E3BCE00F39E2B /* FixedTimeView.swift in Sources */ = {isa = PBXBuildFile; fileRef = BBBBC7622A5E3BCE00F39E2B /* FixedTimeView.swift */; };
		BBBBC7652A5E3BE900F39E2B /* LaunchScreenView.swift in Sources */ = {isa = PBXBuildFile; fileRef = BBBBC7642A5E3BE900F39E2B /* LaunchScreenView.swift */; };
		BBBBC7672A5E3BFC00F39E2B /* MainView.swift in Sources */ = {isa = PBXBuildFile; fileRef = BBBBC7662A5E3BFC00F39E2B /* MainView.swift */; };
		BBBBC7692A5E3C1900F39E2B /* NickNameView.swift in Sources */ = {isa = PBXBuildFile; fileRef = BBBBC7682A5E3C1900F39E2B /* NickNameView.swift */; };
		BBBBC76B2A5E3C2D00F39E2B /* OnboardingView.swift in Sources */ = {isa = PBXBuildFile; fileRef = BBBBC76A2A5E3C2D00F39E2B /* OnboardingView.swift */; };
		BBBBC76D2A5E3C4200F39E2B /* UserData.swift in Sources */ = {isa = PBXBuildFile; fileRef = BBBBC76C2A5E3C4200F39E2B /* UserData.swift */; };
		BBBBC7742A5E3D6D00F39E2B /* Utils.md in Resources */ = {isa = PBXBuildFile; fileRef = BBBBC7732A5E3D6D00F39E2B /* Utils.md */; };
		BBBBC7762A5E3D7500F39E2B /* ViewModel.md in Resources */ = {isa = PBXBuildFile; fileRef = BBBBC7752A5E3D7500F39E2B /* ViewModel.md */; };
		BBBBC7792A5E3D8300F39E2B /* DesignSystem.md in Resources */ = {isa = PBXBuildFile; fileRef = BBBBC7722A5E3D5E00F39E2B /* DesignSystem.md */; };
/* End PBXBuildFile section */

/* Begin PBXContainerItemProxy section */
		73FA052D2A5E301C00EB176B /* PBXContainerItemProxy */ = {
			isa = PBXContainerItemProxy;
			containerPortal = 73FA05142A5E301A00EB176B /* Project object */;
			proxyType = 1;
			remoteGlobalIDString = 73FA051B2A5E301A00EB176B;
			remoteInfo = SeaYa;
		};
		73FA05372A5E301C00EB176B /* PBXContainerItemProxy */ = {
			isa = PBXContainerItemProxy;
			containerPortal = 73FA05142A5E301A00EB176B /* Project object */;
			proxyType = 1;
			remoteGlobalIDString = 73FA051B2A5E301A00EB176B;
			remoteInfo = SeaYa;
		};
/* End PBXContainerItemProxy section */

/* Begin PBXFileReference section */
		7308AA222A604D5D0078A9F2 /* CLMTest.json */ = {isa = PBXFileReference; fileEncoding = 4; lastKnownFileType = text.json; path = CLMTest.json; sourceTree = "<group>"; };
		7308AA242A604F8E0078A9F2 /* CalcOksServiceTests.swift */ = {isa = PBXFileReference; lastKnownFileType = sourcecode.swift; path = CalcOksServiceTests.swift; sourceTree = "<group>"; };
		732D61502A61142100D83EA9 /* BoundedDate.swift */ = {isa = PBXFileReference; lastKnownFileType = sourcecode.swift; path = BoundedDate.swift; sourceTree = "<group>"; };
		73365AA22A605267007B4104 /* TimeOks.swift */ = {isa = PBXFileReference; lastKnownFileType = sourcecode.swift; path = TimeOks.swift; sourceTree = "<group>"; };
		738A295D2A60EFD60074EC9D /* Event.swift */ = {isa = PBXFileReference; lastKnownFileType = sourcecode.swift; path = Event.swift; sourceTree = "<group>"; };
		738F12FE2A5F7A92009C70A2 /* DateMember.swift */ = {isa = PBXFileReference; lastKnownFileType = sourcecode.swift; path = DateMember.swift; sourceTree = "<group>"; };
		1092DD6F2A60DE2200D4F6D3 /* LocalCalendarRepository.swift */ = {isa = PBXFileReference; fileEncoding = 4; lastKnownFileType = sourcecode.swift; path = LocalCalendarRepository.swift; sourceTree = "<group>"; };
		1092DD702A60DE2200D4F6D3 /* RemoteCalendarRepository.swift */ = {isa = PBXFileReference; fileEncoding = 4; lastKnownFileType = sourcecode.swift; path = RemoteCalendarRepository.swift; sourceTree = "<group>"; };
		1092DD732A60DE4D00D4F6D3 /* Event.swift */ = {isa = PBXFileReference; fileEncoding = 4; lastKnownFileType = sourcecode.swift; path = Event.swift; sourceTree = "<group>"; };
		1092DD742A60DE4D00D4F6D3 /* LocalEvent.swift */ = {isa = PBXFileReference; fileEncoding = 4; lastKnownFileType = sourcecode.swift; path = LocalEvent.swift; sourceTree = "<group>"; };
		1092DD772A60DE8100D4F6D3 /* WeekDay.swift */ = {isa = PBXFileReference; fileEncoding = 4; lastKnownFileType = sourcecode.swift; path = WeekDay.swift; sourceTree = "<group>"; };
		1092DD792A60E39800D4F6D3 /* DateUtil.swift */ = {isa = PBXFileReference; fileEncoding = 4; lastKnownFileType = sourcecode.swift; path = DateUtil.swift; sourceTree = "<group>"; };
		1092DD7B2A60E3C700D4F6D3 /* RemoteCalendarRepository.swift */ = {isa = PBXFileReference; fileEncoding = 4; lastKnownFileType = sourcecode.swift; name = RemoteCalendarRepository.swift; path = ../../../../calendarTest/calendarTest/calendar/RemoteCalendarRepository.swift; sourceTree = "<group>"; };
		73FA051C2A5E301A00EB176B /* SeaYa.app */ = {isa = PBXFileReference; explicitFileType = wrapper.application; includeInIndex = 0; path = SeaYa.app; sourceTree = BUILT_PRODUCTS_DIR; };
		73FA051F2A5E301A00EB176B /* SeaYaApp.swift */ = {isa = PBXFileReference; lastKnownFileType = sourcecode.swift; path = SeaYaApp.swift; sourceTree = "<group>"; };
		73FA05232A5E301C00EB176B /* Assets.xcassets */ = {isa = PBXFileReference; lastKnownFileType = folder.assetcatalog; path = Assets.xcassets; sourceTree = "<group>"; };
		73FA05262A5E301C00EB176B /* Preview Assets.xcassets */ = {isa = PBXFileReference; lastKnownFileType = folder.assetcatalog; path = "Preview Assets.xcassets"; sourceTree = "<group>"; };
		73FA052C2A5E301C00EB176B /* SeaYaTests.xctest */ = {isa = PBXFileReference; explicitFileType = wrapper.cfbundle; includeInIndex = 0; path = SeaYaTests.xctest; sourceTree = BUILT_PRODUCTS_DIR; };
		73FA05302A5E301C00EB176B /* SeaYaTests.swift */ = {isa = PBXFileReference; lastKnownFileType = sourcecode.swift; path = SeaYaTests.swift; sourceTree = "<group>"; };
		73FA05362A5E301C00EB176B /* SeaYaUITests.xctest */ = {isa = PBXFileReference; explicitFileType = wrapper.cfbundle; includeInIndex = 0; path = SeaYaUITests.xctest; sourceTree = BUILT_PRODUCTS_DIR; };
		73FA053A2A5E301C00EB176B /* SeaYaUITests.swift */ = {isa = PBXFileReference; lastKnownFileType = sourcecode.swift; path = SeaYaUITests.swift; sourceTree = "<group>"; };
		73FA053C2A5E301C00EB176B /* SeaYaUITestsLaunchTests.swift */ = {isa = PBXFileReference; lastKnownFileType = sourcecode.swift; path = SeaYaUITestsLaunchTests.swift; sourceTree = "<group>"; };
		73FDB3B02A5F7D4800B94626 /* DateEvent.swift */ = {isa = PBXFileReference; lastKnownFileType = sourcecode.swift; path = DateEvent.swift; sourceTree = "<group>"; };
		73FDB3B22A5F805200B94626 /* CalcOksService.swift */ = {isa = PBXFileReference; lastKnownFileType = sourcecode.swift; path = CalcOksService.swift; sourceTree = "<group>"; };
		BBBBC75E2A5E3B5200F39E2B /* ContentView.swift */ = {isa = PBXFileReference; lastKnownFileType = sourcecode.swift; path = ContentView.swift; sourceTree = "<group>"; };
		BBBBC7622A5E3BCE00F39E2B /* FixedTimeView.swift */ = {isa = PBXFileReference; lastKnownFileType = sourcecode.swift; path = FixedTimeView.swift; sourceTree = "<group>"; };
		BBBBC7642A5E3BE900F39E2B /* LaunchScreenView.swift */ = {isa = PBXFileReference; lastKnownFileType = sourcecode.swift; path = LaunchScreenView.swift; sourceTree = "<group>"; };
		BBBBC7662A5E3BFC00F39E2B /* MainView.swift */ = {isa = PBXFileReference; lastKnownFileType = sourcecode.swift; path = MainView.swift; sourceTree = "<group>"; };
		BBBBC7682A5E3C1900F39E2B /* NickNameView.swift */ = {isa = PBXFileReference; lastKnownFileType = sourcecode.swift; path = NickNameView.swift; sourceTree = "<group>"; };
		BBBBC76A2A5E3C2D00F39E2B /* OnboardingView.swift */ = {isa = PBXFileReference; lastKnownFileType = sourcecode.swift; path = OnboardingView.swift; sourceTree = "<group>"; };
		BBBBC76C2A5E3C4200F39E2B /* UserData.swift */ = {isa = PBXFileReference; lastKnownFileType = sourcecode.swift; path = UserData.swift; sourceTree = "<group>"; };
		BBBBC7722A5E3D5E00F39E2B /* DesignSystem.md */ = {isa = PBXFileReference; lastKnownFileType = net.daringfireball.markdown; path = DesignSystem.md; sourceTree = "<group>"; };
		BBBBC7732A5E3D6D00F39E2B /* Utils.md */ = {isa = PBXFileReference; lastKnownFileType = net.daringfireball.markdown; path = Utils.md; sourceTree = "<group>"; };
		BBBBC7752A5E3D7500F39E2B /* ViewModel.md */ = {isa = PBXFileReference; lastKnownFileType = net.daringfireball.markdown; path = ViewModel.md; sourceTree = "<group>"; };
/* End PBXFileReference section */

/* Begin PBXFrameworksBuildPhase section */
		73FA05192A5E301A00EB176B /* Frameworks */ = {
			isa = PBXFrameworksBuildPhase;
			buildActionMask = 2147483647;
			files = (
			);
			runOnlyForDeploymentPostprocessing = 0;
		};
		73FA05292A5E301C00EB176B /* Frameworks */ = {
			isa = PBXFrameworksBuildPhase;
			buildActionMask = 2147483647;
			files = (
			);
			runOnlyForDeploymentPostprocessing = 0;
		};
		73FA05332A5E301C00EB176B /* Frameworks */ = {
			isa = PBXFrameworksBuildPhase;
			buildActionMask = 2147483647;
			files = (
			);
			runOnlyForDeploymentPostprocessing = 0;
		};
/* End PBXFrameworksBuildPhase section */

/* Begin PBXGroup section */
		7308AA212A604D4E0078A9F2 /* Resources */ = {
			isa = PBXGroup;
			children = (
				7308AA222A604D5D0078A9F2 /* CLMTest.json */,
			);
			path = Resources;
			sourceTree = "<group>";
		};
		738A29632A60F0180074EC9D /* Repository */ = {
			isa = PBXGroup;
			children = (
				1092DD7B2A60E3C700D4F6D3 /* RemoteCalendarRepository.swift */,
				1092DD6F2A60DE2200D4F6D3 /* LocalCalendarRepository.swift */,
				1092DD702A60DE2200D4F6D3 /* RemoteCalendarRepository.swift */,
			);
			path = Repository;
			sourceTree = "<group>";
		};
		738F12FD2A5F79D1009C70A2 /* Service */ = {
			isa = PBXGroup;
			children = (
				7308AA242A604F8E0078A9F2 /* CalcOksServiceTests.swift */,
			);
			path = Service;
			sourceTree = "<group>";
		};
		73FA05132A5E301A00EB176B = {
			isa = PBXGroup;
			children = (
				73FA051E2A5E301A00EB176B /* SeaYa */,
				73FA052F2A5E301C00EB176B /* SeaYaTests */,
				73FA05392A5E301C00EB176B /* SeaYaUITests */,
				73FA051D2A5E301A00EB176B /* Products */,
			);
			sourceTree = "<group>";
		};
		73FA051D2A5E301A00EB176B /* Products */ = {
			isa = PBXGroup;
			children = (
				73FA051C2A5E301A00EB176B /* SeaYa.app */,
				73FA052C2A5E301C00EB176B /* SeaYaTests.xctest */,
				73FA05362A5E301C00EB176B /* SeaYaUITests.xctest */,
			);
			name = Products;
			sourceTree = "<group>";
		};
		73FA051E2A5E301A00EB176B /* SeaYa */ = {
			isa = PBXGroup;
			children = (
				738A29632A60F0180074EC9D /* Repository */,
				BBBBC7332A5E329200F39E2B /* Service */,
				BBBBC7322A5E326400F39E2B /* DesignSystem */,
				BBBBC7312A5E325E00F39E2B /* Utils */,
				BBBBC7302A5E325700F39E2B /* ViewModel */,
				BBBBC72F2A5E324800F39E2B /* Model */,
				BBBBC72E2A5E322500F39E2B /* View */,
				73FA051F2A5E301A00EB176B /* SeaYaApp.swift */,
				73FA05232A5E301C00EB176B /* Assets.xcassets */,
				73FA05252A5E301C00EB176B /* Preview Content */,
			);
			path = SeaYa;
			sourceTree = "<group>";
		};
		73FA05252A5E301C00EB176B /* Preview Content */ = {
			isa = PBXGroup;
			children = (
				73FA05262A5E301C00EB176B /* Preview Assets.xcassets */,
			);
			path = "Preview Content";
			sourceTree = "<group>";
		};
		73FA052F2A5E301C00EB176B /* SeaYaTests */ = {
			isa = PBXGroup;
			children = (
				7308AA212A604D4E0078A9F2 /* Resources */,
				73FA05302A5E301C00EB176B /* SeaYaTests.swift */,
				738F12FD2A5F79D1009C70A2 /* Service */,
			);
			path = SeaYaTests;
			sourceTree = "<group>";
		};
		73FA05392A5E301C00EB176B /* SeaYaUITests */ = {
			isa = PBXGroup;
			children = (
				73FA053A2A5E301C00EB176B /* SeaYaUITests.swift */,
				73FA053C2A5E301C00EB176B /* SeaYaUITestsLaunchTests.swift */,
			);
			path = SeaYaUITests;
			sourceTree = "<group>";
		};
		BBBBC72E2A5E322500F39E2B /* View */ = {
			isa = PBXGroup;
			children = (
				BBBBC75E2A5E3B5200F39E2B /* ContentView.swift */,
				BBBBC7622A5E3BCE00F39E2B /* FixedTimeView.swift */,
				BBBBC7642A5E3BE900F39E2B /* LaunchScreenView.swift */,
				BBBBC7662A5E3BFC00F39E2B /* MainView.swift */,
				BBBBC7682A5E3C1900F39E2B /* NickNameView.swift */,
				BBBBC76A2A5E3C2D00F39E2B /* OnboardingView.swift */,
			);
			path = View;
			sourceTree = "<group>";
		};
		BBBBC72F2A5E324800F39E2B /* Model */ = {
			isa = PBXGroup;
			children = (
				BBBBC76C2A5E3C4200F39E2B /* UserData.swift */,
				738F12FE2A5F7A92009C70A2 /* DateMember.swift */,
				73365AA22A605267007B4104 /* TimeOks.swift */,
				73FDB3B02A5F7D4800B94626 /* DateEvent.swift */,
				738A295D2A60EFD60074EC9D /* Event.swift */,
				738A295F2A60EFED0074EC9D /* LocalEvent.swift */,
				738A29612A60F0070074EC9D /* WeekDay.swift */,
				732D61502A61142100D83EA9 /* BoundedDate.swift */,
			);
			path = Model;
			sourceTree = "<group>";
		};
		BBBBC7302A5E325700F39E2B /* ViewModel */ = {
			isa = PBXGroup;
			children = (
				BBBBC7752A5E3D7500F39E2B /* ViewModel.md */,
			);
			path = ViewModel;
			sourceTree = "<group>";
		};
		BBBBC7312A5E325E00F39E2B /* Utils */ = {
			isa = PBXGroup;
			children = (
				1092DD792A60E39800D4F6D3 /* DateUtil.swift */,
				BBBBC7732A5E3D6D00F39E2B /* Utils.md */,
			);
			path = Utils;
			sourceTree = "<group>";
		};
		BBBBC7322A5E326400F39E2B /* DesignSystem */ = {
			isa = PBXGroup;
			children = (
				BBBBC7722A5E3D5E00F39E2B /* DesignSystem.md */,
			);
			path = DesignSystem;
			sourceTree = "<group>";
		};
		BBBBC7332A5E329200F39E2B /* Service */ = {
			isa = PBXGroup;
			children = (
				73FDB3B22A5F805200B94626 /* CalcOksService.swift */,
			);
			path = Service;
			sourceTree = "<group>";
		};
/* End PBXGroup section */

/* Begin PBXNativeTarget section */
		73FA051B2A5E301A00EB176B /* SeaYa */ = {
			isa = PBXNativeTarget;
			buildConfigurationList = 73FA05402A5E301C00EB176B /* Build configuration list for PBXNativeTarget "SeaYa" */;
			buildPhases = (
				73FA05182A5E301A00EB176B /* Sources */,
				73FA05192A5E301A00EB176B /* Frameworks */,
				73FA051A2A5E301A00EB176B /* Resources */,
			);
			buildRules = (
			);
			dependencies = (
			);
			name = SeaYa;
			productName = SeaYa;
			productReference = 73FA051C2A5E301A00EB176B /* SeaYa.app */;
			productType = "com.apple.product-type.application";
		};
		73FA052B2A5E301C00EB176B /* SeaYaTests */ = {
			isa = PBXNativeTarget;
			buildConfigurationList = 73FA05432A5E301C00EB176B /* Build configuration list for PBXNativeTarget "SeaYaTests" */;
			buildPhases = (
				73FA05282A5E301C00EB176B /* Sources */,
				73FA05292A5E301C00EB176B /* Frameworks */,
				73FA052A2A5E301C00EB176B /* Resources */,
			);
			buildRules = (
			);
			dependencies = (
				73FA052E2A5E301C00EB176B /* PBXTargetDependency */,
			);
			name = SeaYaTests;
			productName = SeaYaTests;
			productReference = 73FA052C2A5E301C00EB176B /* SeaYaTests.xctest */;
			productType = "com.apple.product-type.bundle.unit-test";
		};
		73FA05352A5E301C00EB176B /* SeaYaUITests */ = {
			isa = PBXNativeTarget;
			buildConfigurationList = 73FA05462A5E301C00EB176B /* Build configuration list for PBXNativeTarget "SeaYaUITests" */;
			buildPhases = (
				73FA05322A5E301C00EB176B /* Sources */,
				73FA05332A5E301C00EB176B /* Frameworks */,
				73FA05342A5E301C00EB176B /* Resources */,
			);
			buildRules = (
			);
			dependencies = (
				73FA05382A5E301C00EB176B /* PBXTargetDependency */,
			);
			name = SeaYaUITests;
			productName = SeaYaUITests;
			productReference = 73FA05362A5E301C00EB176B /* SeaYaUITests.xctest */;
			productType = "com.apple.product-type.bundle.ui-testing";
		};
/* End PBXNativeTarget section */

/* Begin PBXProject section */
		73FA05142A5E301A00EB176B /* Project object */ = {
			isa = PBXProject;
			attributes = {
				BuildIndependentTargetsInParallel = 1;
				LastSwiftUpdateCheck = 1430;
				LastUpgradeCheck = 1430;
				TargetAttributes = {
					73FA051B2A5E301A00EB176B = {
						CreatedOnToolsVersion = 14.3;
					};
					73FA052B2A5E301C00EB176B = {
						CreatedOnToolsVersion = 14.3;
						TestTargetID = 73FA051B2A5E301A00EB176B;
					};
					73FA05352A5E301C00EB176B = {
						CreatedOnToolsVersion = 14.3;
						TestTargetID = 73FA051B2A5E301A00EB176B;
					};
				};
			};
			buildConfigurationList = 73FA05172A5E301A00EB176B /* Build configuration list for PBXProject "SeaYa" */;
			compatibilityVersion = "Xcode 14.0";
			developmentRegion = en;
			hasScannedForEncodings = 0;
			knownRegions = (
				en,
				Base,
			);
			mainGroup = 73FA05132A5E301A00EB176B;
			productRefGroup = 73FA051D2A5E301A00EB176B /* Products */;
			projectDirPath = "";
			projectRoot = "";
			targets = (
				73FA051B2A5E301A00EB176B /* SeaYa */,
				73FA052B2A5E301C00EB176B /* SeaYaTests */,
				73FA05352A5E301C00EB176B /* SeaYaUITests */,
			);
		};
/* End PBXProject section */

/* Begin PBXResourcesBuildPhase section */
		73FA051A2A5E301A00EB176B /* Resources */ = {
			isa = PBXResourcesBuildPhase;
			buildActionMask = 2147483647;
			files = (
				73FA05272A5E301C00EB176B /* Preview Assets.xcassets in Resources */,
				73FA05242A5E301C00EB176B /* Assets.xcassets in Resources */,
				BBBBC7792A5E3D8300F39E2B /* DesignSystem.md in Resources */,
				BBBBC7742A5E3D6D00F39E2B /* Utils.md in Resources */,
				BBBBC7762A5E3D7500F39E2B /* ViewModel.md in Resources */,
			);
			runOnlyForDeploymentPostprocessing = 0;
		};
		73FA052A2A5E301C00EB176B /* Resources */ = {
			isa = PBXResourcesBuildPhase;
			buildActionMask = 2147483647;
			files = (
				7308AA232A604D5D0078A9F2 /* CLMTest.json in Resources */,
			);
			runOnlyForDeploymentPostprocessing = 0;
		};
		73FA05342A5E301C00EB176B /* Resources */ = {
			isa = PBXResourcesBuildPhase;
			buildActionMask = 2147483647;
			files = (
			);
			runOnlyForDeploymentPostprocessing = 0;
		};
/* End PBXResourcesBuildPhase section */

/* Begin PBXSourcesBuildPhase section */
		73FA05182A5E301A00EB176B /* Sources */ = {
			isa = PBXSourcesBuildPhase;
			buildActionMask = 2147483647;
			files = (
				BBBBC7692A5E3C1900F39E2B /* NickNameView.swift in Sources */,
				BBBBC75F2A5E3B5200F39E2B /* ContentView.swift in Sources */,
				BBBBC76D2A5E3C4200F39E2B /* UserData.swift in Sources */,
				BBBBC7632A5E3BCE00F39E2B /* FixedTimeView.swift in Sources */,
				738A29602A60EFED0074EC9D /* LocalEvent.swift in Sources */,
				73FDB3B32A5F805200B94626 /* CalcOksService.swift in Sources */,
				73FA05202A5E301A00EB176B /* SeaYaApp.swift in Sources */,
				738F12FF2A5F7A92009C70A2 /* DateMember.swift in Sources */,
				BBBBC7672A5E3BFC00F39E2B /* MainView.swift in Sources */,
				73365AA32A605267007B4104 /* TimeOks.swift in Sources */,
				BBBBC7652A5E3BE900F39E2B /* LaunchScreenView.swift in Sources */,
				BBBBC76B2A5E3C2D00F39E2B /* OnboardingView.swift in Sources */,
				738A29622A60F0070074EC9D /* WeekDay.swift in Sources */,
				738A29652A60F03D0074EC9D /* LocalCalendarRepository.swift in Sources */,
				732D61512A61142100D83EA9 /* BoundedDate.swift in Sources */,
				73FDB3B12A5F7D4800B94626 /* DateEvent.swift in Sources */,
				738A295E2A60EFD60074EC9D /* Event.swift in Sources */,
				1092DD722A60DE2200D4F6D3 /* RemoteCalendarRepository.swift in Sources */,
				1092DD7A2A60E39800D4F6D3 /* DateUtil.swift in Sources */,
				1092DD7C2A60E3C700D4F6D3 /* RemoteCalendarRepository.swift in Sources */,
			);
			runOnlyForDeploymentPostprocessing = 0;
		};
		73FA05282A5E301C00EB176B /* Sources */ = {
			isa = PBXSourcesBuildPhase;
			buildActionMask = 2147483647;
			files = (
				7308AA252A604F8E0078A9F2 /* CalcOksServiceTests.swift in Sources */,
				73FA05312A5E301C00EB176B /* SeaYaTests.swift in Sources */,
			);
			runOnlyForDeploymentPostprocessing = 0;
		};
		73FA05322A5E301C00EB176B /* Sources */ = {
			isa = PBXSourcesBuildPhase;
			buildActionMask = 2147483647;
			files = (
				73FA053D2A5E301C00EB176B /* SeaYaUITestsLaunchTests.swift in Sources */,
				73FA053B2A5E301C00EB176B /* SeaYaUITests.swift in Sources */,
			);
			runOnlyForDeploymentPostprocessing = 0;
		};
/* End PBXSourcesBuildPhase section */

/* Begin PBXTargetDependency section */
		73FA052E2A5E301C00EB176B /* PBXTargetDependency */ = {
			isa = PBXTargetDependency;
			target = 73FA051B2A5E301A00EB176B /* SeaYa */;
			targetProxy = 73FA052D2A5E301C00EB176B /* PBXContainerItemProxy */;
		};
		73FA05382A5E301C00EB176B /* PBXTargetDependency */ = {
			isa = PBXTargetDependency;
			target = 73FA051B2A5E301A00EB176B /* SeaYa */;
			targetProxy = 73FA05372A5E301C00EB176B /* PBXContainerItemProxy */;
		};
/* End PBXTargetDependency section */

/* Begin XCBuildConfiguration section */
		73FA053E2A5E301C00EB176B /* Debug */ = {
			isa = XCBuildConfiguration;
			buildSettings = {
				ALWAYS_SEARCH_USER_PATHS = NO;
				CLANG_ANALYZER_NONNULL = YES;
				CLANG_ANALYZER_NUMBER_OBJECT_CONVERSION = YES_AGGRESSIVE;
				CLANG_CXX_LANGUAGE_STANDARD = "gnu++20";
				CLANG_ENABLE_MODULES = YES;
				CLANG_ENABLE_OBJC_ARC = YES;
				CLANG_ENABLE_OBJC_WEAK = YES;
				CLANG_WARN_BLOCK_CAPTURE_AUTORELEASING = YES;
				CLANG_WARN_BOOL_CONVERSION = YES;
				CLANG_WARN_COMMA = YES;
				CLANG_WARN_CONSTANT_CONVERSION = YES;
				CLANG_WARN_DEPRECATED_OBJC_IMPLEMENTATIONS = YES;
				CLANG_WARN_DIRECT_OBJC_ISA_USAGE = YES_ERROR;
				CLANG_WARN_DOCUMENTATION_COMMENTS = YES;
				CLANG_WARN_EMPTY_BODY = YES;
				CLANG_WARN_ENUM_CONVERSION = YES;
				CLANG_WARN_INFINITE_RECURSION = YES;
				CLANG_WARN_INT_CONVERSION = YES;
				CLANG_WARN_NON_LITERAL_NULL_CONVERSION = YES;
				CLANG_WARN_OBJC_IMPLICIT_RETAIN_SELF = YES;
				CLANG_WARN_OBJC_LITERAL_CONVERSION = YES;
				CLANG_WARN_OBJC_ROOT_CLASS = YES_ERROR;
				CLANG_WARN_QUOTED_INCLUDE_IN_FRAMEWORK_HEADER = YES;
				CLANG_WARN_RANGE_LOOP_ANALYSIS = YES;
				CLANG_WARN_STRICT_PROTOTYPES = YES;
				CLANG_WARN_SUSPICIOUS_MOVE = YES;
				CLANG_WARN_UNGUARDED_AVAILABILITY = YES_AGGRESSIVE;
				CLANG_WARN_UNREACHABLE_CODE = YES;
				CLANG_WARN__DUPLICATE_METHOD_MATCH = YES;
				COPY_PHASE_STRIP = NO;
				DEBUG_INFORMATION_FORMAT = dwarf;
				ENABLE_STRICT_OBJC_MSGSEND = YES;
				ENABLE_TESTABILITY = YES;
				GCC_C_LANGUAGE_STANDARD = gnu11;
				GCC_DYNAMIC_NO_PIC = NO;
				GCC_NO_COMMON_BLOCKS = YES;
				GCC_OPTIMIZATION_LEVEL = 0;
				GCC_PREPROCESSOR_DEFINITIONS = (
					"DEBUG=1",
					"$(inherited)",
				);
				GCC_WARN_64_TO_32_BIT_CONVERSION = YES;
				GCC_WARN_ABOUT_RETURN_TYPE = YES_ERROR;
				GCC_WARN_UNDECLARED_SELECTOR = YES;
				GCC_WARN_UNINITIALIZED_AUTOS = YES_AGGRESSIVE;
				GCC_WARN_UNUSED_FUNCTION = YES;
				GCC_WARN_UNUSED_VARIABLE = YES;
				IPHONEOS_DEPLOYMENT_TARGET = 16.4;
				MTL_ENABLE_DEBUG_INFO = INCLUDE_SOURCE;
				MTL_FAST_MATH = YES;
				ONLY_ACTIVE_ARCH = YES;
				SDKROOT = iphoneos;
				SWIFT_ACTIVE_COMPILATION_CONDITIONS = DEBUG;
				SWIFT_OPTIMIZATION_LEVEL = "-Onone";
			};
			name = Debug;
		};
		73FA053F2A5E301C00EB176B /* Release */ = {
			isa = XCBuildConfiguration;
			buildSettings = {
				ALWAYS_SEARCH_USER_PATHS = NO;
				CLANG_ANALYZER_NONNULL = YES;
				CLANG_ANALYZER_NUMBER_OBJECT_CONVERSION = YES_AGGRESSIVE;
				CLANG_CXX_LANGUAGE_STANDARD = "gnu++20";
				CLANG_ENABLE_MODULES = YES;
				CLANG_ENABLE_OBJC_ARC = YES;
				CLANG_ENABLE_OBJC_WEAK = YES;
				CLANG_WARN_BLOCK_CAPTURE_AUTORELEASING = YES;
				CLANG_WARN_BOOL_CONVERSION = YES;
				CLANG_WARN_COMMA = YES;
				CLANG_WARN_CONSTANT_CONVERSION = YES;
				CLANG_WARN_DEPRECATED_OBJC_IMPLEMENTATIONS = YES;
				CLANG_WARN_DIRECT_OBJC_ISA_USAGE = YES_ERROR;
				CLANG_WARN_DOCUMENTATION_COMMENTS = YES;
				CLANG_WARN_EMPTY_BODY = YES;
				CLANG_WARN_ENUM_CONVERSION = YES;
				CLANG_WARN_INFINITE_RECURSION = YES;
				CLANG_WARN_INT_CONVERSION = YES;
				CLANG_WARN_NON_LITERAL_NULL_CONVERSION = YES;
				CLANG_WARN_OBJC_IMPLICIT_RETAIN_SELF = YES;
				CLANG_WARN_OBJC_LITERAL_CONVERSION = YES;
				CLANG_WARN_OBJC_ROOT_CLASS = YES_ERROR;
				CLANG_WARN_QUOTED_INCLUDE_IN_FRAMEWORK_HEADER = YES;
				CLANG_WARN_RANGE_LOOP_ANALYSIS = YES;
				CLANG_WARN_STRICT_PROTOTYPES = YES;
				CLANG_WARN_SUSPICIOUS_MOVE = YES;
				CLANG_WARN_UNGUARDED_AVAILABILITY = YES_AGGRESSIVE;
				CLANG_WARN_UNREACHABLE_CODE = YES;
				CLANG_WARN__DUPLICATE_METHOD_MATCH = YES;
				COPY_PHASE_STRIP = NO;
				DEBUG_INFORMATION_FORMAT = "dwarf-with-dsym";
				ENABLE_NS_ASSERTIONS = NO;
				ENABLE_STRICT_OBJC_MSGSEND = YES;
				GCC_C_LANGUAGE_STANDARD = gnu11;
				GCC_NO_COMMON_BLOCKS = YES;
				GCC_WARN_64_TO_32_BIT_CONVERSION = YES;
				GCC_WARN_ABOUT_RETURN_TYPE = YES_ERROR;
				GCC_WARN_UNDECLARED_SELECTOR = YES;
				GCC_WARN_UNINITIALIZED_AUTOS = YES_AGGRESSIVE;
				GCC_WARN_UNUSED_FUNCTION = YES;
				GCC_WARN_UNUSED_VARIABLE = YES;
				IPHONEOS_DEPLOYMENT_TARGET = 16.4;
				MTL_ENABLE_DEBUG_INFO = NO;
				MTL_FAST_MATH = YES;
				SDKROOT = iphoneos;
				SWIFT_COMPILATION_MODE = wholemodule;
				SWIFT_OPTIMIZATION_LEVEL = "-O";
				VALIDATE_PRODUCT = YES;
			};
			name = Release;
		};
		73FA05412A5E301C00EB176B /* Debug */ = {
			isa = XCBuildConfiguration;
			buildSettings = {
				ASSETCATALOG_COMPILER_APPICON_NAME = AppIcon;
				ASSETCATALOG_COMPILER_GLOBAL_ACCENT_COLOR_NAME = AccentColor;
				CODE_SIGN_STYLE = Automatic;
				CURRENT_PROJECT_VERSION = 1;
				DEVELOPMENT_ASSET_PATHS = "\"SeaYa/Preview Content\"";
				DEVELOPMENT_TEAM = 3YTM76FTHB;
				ENABLE_PREVIEWS = YES;
				GENERATE_INFOPLIST_FILE = YES;
				INFOPLIST_KEY_UIApplicationSceneManifest_Generation = YES;
				INFOPLIST_KEY_UIApplicationSupportsIndirectInputEvents = YES;
				INFOPLIST_KEY_UILaunchScreen_Generation = YES;
				INFOPLIST_KEY_UISupportedInterfaceOrientations = UIInterfaceOrientationPortrait;
				INFOPLIST_KEY_UISupportedInterfaceOrientations_iPad = "UIInterfaceOrientationLandscapeLeft UIInterfaceOrientationLandscapeRight UIInterfaceOrientationPortrait UIInterfaceOrientationPortraitUpsideDown";
				LD_RUNPATH_SEARCH_PATHS = (
					"$(inherited)",
					"@executable_path/Frameworks",
				);
				MARKETING_VERSION = 0.01;
				PRODUCT_BUNDLE_IDENTIFIER = com.ou.SeaYa;
				PRODUCT_NAME = "$(TARGET_NAME)";
				SUPPORTED_PLATFORMS = "iphoneos iphonesimulator";
				SUPPORTS_MACCATALYST = NO;
				SUPPORTS_MAC_DESIGNED_FOR_IPHONE_IPAD = NO;
				SWIFT_EMIT_LOC_STRINGS = YES;
				SWIFT_VERSION = 5.0;
				TARGETED_DEVICE_FAMILY = 1;
			};
			name = Debug;
		};
		73FA05422A5E301C00EB176B /* Release */ = {
			isa = XCBuildConfiguration;
			buildSettings = {
				ASSETCATALOG_COMPILER_APPICON_NAME = AppIcon;
				ASSETCATALOG_COMPILER_GLOBAL_ACCENT_COLOR_NAME = AccentColor;
				CODE_SIGN_STYLE = Automatic;
				CURRENT_PROJECT_VERSION = 1;
				DEVELOPMENT_ASSET_PATHS = "\"SeaYa/Preview Content\"";
				DEVELOPMENT_TEAM = 3YTM76FTHB;
				ENABLE_PREVIEWS = YES;
				GENERATE_INFOPLIST_FILE = YES;
				INFOPLIST_KEY_UIApplicationSceneManifest_Generation = YES;
				INFOPLIST_KEY_UIApplicationSupportsIndirectInputEvents = YES;
				INFOPLIST_KEY_UILaunchScreen_Generation = YES;
				INFOPLIST_KEY_UISupportedInterfaceOrientations = UIInterfaceOrientationPortrait;
				INFOPLIST_KEY_UISupportedInterfaceOrientations_iPad = "UIInterfaceOrientationLandscapeLeft UIInterfaceOrientationLandscapeRight UIInterfaceOrientationPortrait UIInterfaceOrientationPortraitUpsideDown";
				LD_RUNPATH_SEARCH_PATHS = (
					"$(inherited)",
					"@executable_path/Frameworks",
				);
				MARKETING_VERSION = 0.01;
				PRODUCT_BUNDLE_IDENTIFIER = com.ou.SeaYa;
				PRODUCT_NAME = "$(TARGET_NAME)";
				SUPPORTED_PLATFORMS = "iphoneos iphonesimulator";
				SUPPORTS_MACCATALYST = NO;
				SUPPORTS_MAC_DESIGNED_FOR_IPHONE_IPAD = NO;
				SWIFT_EMIT_LOC_STRINGS = YES;
				SWIFT_VERSION = 5.0;
				TARGETED_DEVICE_FAMILY = 1;
			};
			name = Release;
		};
		73FA05442A5E301C00EB176B /* Debug */ = {
			isa = XCBuildConfiguration;
			buildSettings = {
				ALWAYS_EMBED_SWIFT_STANDARD_LIBRARIES = YES;
				BUNDLE_LOADER = "$(TEST_HOST)";
				CODE_SIGN_STYLE = Automatic;
				CURRENT_PROJECT_VERSION = 1;
				DEVELOPMENT_TEAM = 3YTM76FTHB;
				GENERATE_INFOPLIST_FILE = YES;
				IPHONEOS_DEPLOYMENT_TARGET = 16.4;
				MARKETING_VERSION = 1.0;
				PRODUCT_BUNDLE_IDENTIFIER = com.ou.SeaYaTests;
				PRODUCT_NAME = "$(TARGET_NAME)";
				SUPPORTED_PLATFORMS = "iphoneos iphonesimulator";
				SUPPORTS_MACCATALYST = NO;
				SUPPORTS_MAC_DESIGNED_FOR_IPHONE_IPAD = NO;
				SWIFT_EMIT_LOC_STRINGS = NO;
				SWIFT_VERSION = 5.0;
				TARGETED_DEVICE_FAMILY = 1;
				TEST_HOST = "$(BUILT_PRODUCTS_DIR)/SeaYa.app/$(BUNDLE_EXECUTABLE_FOLDER_PATH)/SeaYa";
			};
			name = Debug;
		};
		73FA05452A5E301C00EB176B /* Release */ = {
			isa = XCBuildConfiguration;
			buildSettings = {
				ALWAYS_EMBED_SWIFT_STANDARD_LIBRARIES = YES;
				BUNDLE_LOADER = "$(TEST_HOST)";
				CODE_SIGN_STYLE = Automatic;
				CURRENT_PROJECT_VERSION = 1;
				DEVELOPMENT_TEAM = 3YTM76FTHB;
				GENERATE_INFOPLIST_FILE = YES;
				IPHONEOS_DEPLOYMENT_TARGET = 16.4;
				MARKETING_VERSION = 1.0;
				PRODUCT_BUNDLE_IDENTIFIER = com.ou.SeaYaTests;
				PRODUCT_NAME = "$(TARGET_NAME)";
				SUPPORTED_PLATFORMS = "iphoneos iphonesimulator";
				SUPPORTS_MACCATALYST = NO;
				SUPPORTS_MAC_DESIGNED_FOR_IPHONE_IPAD = NO;
				SWIFT_EMIT_LOC_STRINGS = NO;
				SWIFT_VERSION = 5.0;
				TARGETED_DEVICE_FAMILY = 1;
				TEST_HOST = "$(BUILT_PRODUCTS_DIR)/SeaYa.app/$(BUNDLE_EXECUTABLE_FOLDER_PATH)/SeaYa";
			};
			name = Release;
		};
		73FA05472A5E301C00EB176B /* Debug */ = {
			isa = XCBuildConfiguration;
			buildSettings = {
				ALWAYS_EMBED_SWIFT_STANDARD_LIBRARIES = YES;
				CODE_SIGN_STYLE = Automatic;
				CURRENT_PROJECT_VERSION = 1;
				DEVELOPMENT_TEAM = 3YTM76FTHB;
				GENERATE_INFOPLIST_FILE = YES;
				MARKETING_VERSION = 1.0;
				PRODUCT_BUNDLE_IDENTIFIER = com.ou.SeaYaUITests;
				PRODUCT_NAME = "$(TARGET_NAME)";
				SUPPORTED_PLATFORMS = "iphoneos iphonesimulator";
				SUPPORTS_MACCATALYST = NO;
				SUPPORTS_MAC_DESIGNED_FOR_IPHONE_IPAD = NO;
				SWIFT_EMIT_LOC_STRINGS = NO;
				SWIFT_VERSION = 5.0;
				TARGETED_DEVICE_FAMILY = 1;
				TEST_TARGET_NAME = SeaYa;
			};
			name = Debug;
		};
		73FA05482A5E301C00EB176B /* Release */ = {
			isa = XCBuildConfiguration;
			buildSettings = {
				ALWAYS_EMBED_SWIFT_STANDARD_LIBRARIES = YES;
				CODE_SIGN_STYLE = Automatic;
				CURRENT_PROJECT_VERSION = 1;
				DEVELOPMENT_TEAM = 3YTM76FTHB;
				GENERATE_INFOPLIST_FILE = YES;
				MARKETING_VERSION = 1.0;
				PRODUCT_BUNDLE_IDENTIFIER = com.ou.SeaYaUITests;
				PRODUCT_NAME = "$(TARGET_NAME)";
				SUPPORTED_PLATFORMS = "iphoneos iphonesimulator";
				SUPPORTS_MACCATALYST = NO;
				SUPPORTS_MAC_DESIGNED_FOR_IPHONE_IPAD = NO;
				SWIFT_EMIT_LOC_STRINGS = NO;
				SWIFT_VERSION = 5.0;
				TARGETED_DEVICE_FAMILY = 1;
				TEST_TARGET_NAME = SeaYa;
			};
			name = Release;
		};
/* End XCBuildConfiguration section */

/* Begin XCConfigurationList section */
		73FA05172A5E301A00EB176B /* Build configuration list for PBXProject "SeaYa" */ = {
			isa = XCConfigurationList;
			buildConfigurations = (
				73FA053E2A5E301C00EB176B /* Debug */,
				73FA053F2A5E301C00EB176B /* Release */,
			);
			defaultConfigurationIsVisible = 0;
			defaultConfigurationName = Release;
		};
		73FA05402A5E301C00EB176B /* Build configuration list for PBXNativeTarget "SeaYa" */ = {
			isa = XCConfigurationList;
			buildConfigurations = (
				73FA05412A5E301C00EB176B /* Debug */,
				73FA05422A5E301C00EB176B /* Release */,
			);
			defaultConfigurationIsVisible = 0;
			defaultConfigurationName = Release;
		};
		73FA05432A5E301C00EB176B /* Build configuration list for PBXNativeTarget "SeaYaTests" */ = {
			isa = XCConfigurationList;
			buildConfigurations = (
				73FA05442A5E301C00EB176B /* Debug */,
				73FA05452A5E301C00EB176B /* Release */,
			);
			defaultConfigurationIsVisible = 0;
			defaultConfigurationName = Release;
		};
		73FA05462A5E301C00EB176B /* Build configuration list for PBXNativeTarget "SeaYaUITests" */ = {
			isa = XCConfigurationList;
			buildConfigurations = (
				73FA05472A5E301C00EB176B /* Debug */,
				73FA05482A5E301C00EB176B /* Release */,
			);
			defaultConfigurationIsVisible = 0;
			defaultConfigurationName = Release;
		};
/* End XCConfigurationList section */
	};
	rootObject = 73FA05142A5E301A00EB176B /* Project object */;
}
